
Microsoft Visual Studio Solution File, Format Version 12.00
# Visual Studio 15
Project("{FAE04EC0-301F-11D3-BF4B-00C04F79EFBC}") = "Unity.XR.OpenXR", "Unity.XR.OpenXR.csproj", "{3F83DEC6-C659-85C2-5D64-52987E9DAC8D}"
EndProject
Project("{FAE04EC0-301F-11D3-BF4B-00C04F79EFBC}") = "Unity.Timeline", "Unity.Timeline.csproj", "{D6D7C676-2980-8429-0528-E636E650A13E}"
EndProject
Project("{FAE04EC0-301F-11D3-BF4B-00C04F79EFBC}") = "Unity.ProBuilder.Editor", "Unity.ProBuilder.Editor.csproj", "{FBAD7B5F-0009-7D96-C110-61CBFC1B3086}"
EndProject
Project("{FAE04EC0-301F-11D3-BF4B-00C04F79EFBC}") = "Unity.Timeline.Editor", "Unity.Timeline.Editor.csproj", "{85B85ECD-31F8-DA62-159D-39694DF262ED}"
EndProject
Project("{FAE04EC0-301F-11D3-BF4B-00C04F79EFBC}") = "Unity.XR.Simulation", "Unity.XR.Simulation.csproj", "{7E4BB453-31B6-E280-0138-C426518C7728}"
EndProject
Project("{FAE04EC0-301F-11D3-BF4B-00C04F79EFBC}") = "Unity.TextMeshPro.Editor", "Unity.TextMeshPro.Editor.csproj", "{5C85C769-E395-A631-3DF1-A9D8C327BE9F}"
EndProject
Project("{FAE04EC0-301F-11D3-BF4B-00C04F79EFBC}") = "Unity.XR.Management", "Unity.XR.Management.csproj", "{B7FA19FF-6F36-9400-8178-987CE28405F1}"
EndProject
Project("{FAE04EC0-301F-11D3-BF4B-00C04F79EFBC}") = "Unity.XR.ARFoundation.Editor", "Unity.XR.ARFoundation.Editor.csproj", "{58FA62C7-08B4-1702-78A5-8EA61B09DEC5}"
EndProject
Project("{FAE04EC0-301F-11D3-BF4B-00C04F79EFBC}") = "Unity.VisualScripting.Flow", "Unity.VisualScripting.Flow.csproj", "{B328857D-6CAE-EC53-E3FD-C678603B359A}"
EndProject
Project("{FAE04EC0-301F-11D3-BF4B-00C04F79EFBC}") = "UnityEditor.UI", "UnityEditor.UI.csproj", "{6ADC7816-9C4E-2E3D-DE64-9C6F392FC92F}"
EndProject
Project("{FAE04EC0-301F-11D3-BF4B-00C04F79EFBC}") = "Unity.XR.CoreUtils.Editor", "Unity.XR.CoreUtils.Editor.csproj", "{F4A4901B-9C5E-F992-F489-ACB654CAEE88}"
EndProject
Project("{FAE04EC0-301F-11D3-BF4B-00C04F79EFBC}") = "Unity.ProBuilder", "Unity.ProBuilder.csproj", "{6E525D4C-F675-39EA-3DD4-81E673B09BE1}"
EndProject
Project("{FAE04EC0-301F-11D3-BF4B-00C04F79EFBC}") = "Unity.PlasticSCM.Editor", "Unity.PlasticSCM.Editor.csproj", "{F3FBF1BD-73CF-B866-E70B-3D6706E42D7E}"
EndProject
Project("{FAE04EC0-301F-11D3-BF4B-00C04F79EFBC}") = "Unity.InputSystem", "Unity.InputSystem.csproj", "{5D1A7251-7E99-4A3F-C9BF-03120966756E}"
EndProject
Project("{FAE04EC0-301F-11D3-BF4B-00C04F79EFBC}") = "Unity.VisualScripting.Core", "Unity.VisualScripting.Core.csproj", "{DB1EA966-8CC4-C534-0584-E6D4A3193223}"
EndProject
Project("{FAE04EC0-301F-11D3-BF4B-00C04F79EFBC}") = "Unity.Mathematics", "Unity.Mathematics.csproj", "{28CDED22-B949-410D-7995-08F21A50FE7C}"
EndProject
Project("{FAE04EC0-301F-11D3-BF4B-00C04F79EFBC}") = "Unity.XR.ARCore", "Unity.XR.ARCore.csproj", "{01867E35-1DB2-735C-07EF-9A0B89452F4D}"
EndProject
Project("{FAE04EC0-301F-11D3-BF4B-00C04F79EFBC}") = "Unity.VisualScripting.Core.Editor", "Unity.VisualScripting.Core.Editor.csproj", "{2BB55FD6-4283-2D2D-3E9C-E39754A55C78}"
EndProject
Project("{FAE04EC0-301F-11D3-BF4B-00C04F79EFBC}") = "Unity.XR.ARKit", "Unity.XR.ARKit.csproj", "{51C7D651-207A-DD63-9660-A8D6189F83E4}"
EndProject
Project("{FAE04EC0-301F-11D3-BF4B-00C04F79EFBC}") = "Unity.VisualScripting.Flow.Editor", "Unity.VisualScripting.Flow.Editor.csproj", "{CE58B05A-553C-9459-FAE3-254B0BE1F4F7}"
EndProject
Project("{FAE04EC0-301F-11D3-BF4B-00C04F79EFBC}") = "UnityEditor.TestRunner", "UnityEditor.TestRunner.csproj", "{AC8F1288-5E6F-BDA4-7C15-A6606244D334}"
EndProject
Project("{FAE04EC0-301F-11D3-BF4B-00C04F79EFBC}") = "Unity.XR.ARSubsystems", "Unity.XR.ARSubsystems.csproj", "{A55B28BA-7959-2B29-5888-8104DF4DB794}"
EndProject
Project("{FAE04EC0-301F-11D3-BF4B-00C04F79EFBC}") = "Unity.ProBuilder.Poly2Tri", "Unity.ProBuilder.Poly2Tri.csproj", "{EAFA16DC-2471-2AA1-D4C4-E55F604CC34F}"
EndProject
Project("{FAE04EC0-301F-11D3-BF4B-00C04F79EFBC}") = "Unity.VisualScripting.SettingsProvider.Editor", "Unity.VisualScripting.SettingsProvider.Editor.csproj", "{63FFB8FA-A6EA-8A45-26C4-B8087020AA13}"
EndProject
Project("{FAE04EC0-301F-11D3-BF4B-00C04F79EFBC}") = "Unity.XR.ARFoundation", "Unity.XR.ARFoundation.csproj", "{880DBF49-00E4-253C-C689-D4EB5A86914A}"
EndProject
Project("{FAE04EC0-301F-11D3-BF4B-00C04F79EFBC}") = "UnityEngine.TestRunner", "UnityEngine.TestRunner.csproj", "{BB7F5945-FF6B-1D26-E84B-9613418A6CD5}"
EndProject
Project("{FAE04EC0-301F-11D3-BF4B-00C04F79EFBC}") = "Unity.XR.CoreUtils", "Unity.XR.CoreUtils.csproj", "{3F58D1E3-53A8-5BBD-5378-B05C34A0B611}"
EndProject
Project("{FAE04EC0-301F-11D3-BF4B-00C04F79EFBC}") = "UnityEngine.XR.MagicLeap", "UnityEngine.XR.MagicLeap.csproj", "{2CBD48C4-C6B6-1EEA-D086-FFB48051193F}"
EndProject
Project("{FAE04EC0-301F-11D3-BF4B-00C04F79EFBC}") = "Unity.XR.Management.Editor", "Unity.XR.Management.Editor.csproj", "{690113F8-1D3A-F8A2-1104-87E14F92CC69}"
EndProject
Project("{FAE04EC0-301F-11D3-BF4B-00C04F79EFBC}") = "Assembly-CSharp", "Assembly-CSharp.csproj", "{D64EF93E-11BE-B390-19C6-4D142702C13C}"
EndProject
Project("{FAE04EC0-301F-11D3-BF4B-00C04F79EFBC}") = "UnityEngine.UI", "UnityEngine.UI.csproj", "{5A737AB9-79AE-ED48-3F88-3C3314519840}"
EndProject
Project("{FAE04EC0-301F-11D3-BF4B-00C04F79EFBC}") = "Unity.ProBuilder.Csg", "Unity.ProBuilder.Csg.csproj", "{87D207C4-0879-1A2D-BF9A-082CB375CE7E}"
EndProject
Project("{FAE04EC0-301F-11D3-BF4B-00C04F79EFBC}") = "Unity.AI.Navigation.Editor", "Unity.AI.Navigation.Editor.csproj", "{4CE9A726-B570-B4E4-61D7-93F88F843F87}"
EndProject
Project("{FAE04EC0-301F-11D3-BF4B-00C04F79EFBC}") = "Unity.VisualStudio.Editor", "Unity.VisualStudio.Editor.csproj", "{19EB7587-51B3-F255-BC93-923C34C623D5}"
EndProject
Project("{FAE04EC0-301F-11D3-BF4B-00C04F79EFBC}") = "Unity.XR.ARFoundation.VisualScripting", "Unity.XR.ARFoundation.VisualScripting.csproj", "{A4C3D60B-84B8-E753-7AB2-5D7ED997D291}"
EndProject
Project("{FAE04EC0-301F-11D3-BF4B-00C04F79EFBC}") = "Unity.XR.ARKit.Editor", "Unity.XR.ARKit.Editor.csproj", "{E9034916-8617-2470-1326-79D7D1779608}"
EndProject
Project("{FAE04EC0-301F-11D3-BF4B-00C04F79EFBC}") = "Unity.XR.ARFoundation.VisualScripting.Editor", "Unity.XR.ARFoundation.VisualScripting.Editor.csproj", "{CB7DC0A4-6951-E73F-1BB5-BADD656F2590}"
EndProject
Project("{FAE04EC0-301F-11D3-BF4B-00C04F79EFBC}") = "Unity.TestTools.CodeCoverage.Editor.OpenCover.Model", "Unity.TestTools.CodeCoverage.Editor.OpenCover.Model.csproj", "{B81A7EB6-35BD-EDA2-07A8-C13FEDDBB231}"
EndProject
Project("{FAE04EC0-301F-11D3-BF4B-00C04F79EFBC}") = "Unity.XR.Simulation.Editor", "Unity.XR.Simulation.Editor.csproj", "{8865E893-396B-0CC4-8DDB-76D08BD328F0}"
EndProject
Project("{FAE04EC0-301F-11D3-BF4B-00C04F79EFBC}") = "Unity.Rider.Editor", "Unity.Rider.Editor.csproj", "{F8B319AB-1EFB-95D6-4CF2-1DB1A69FF6E6}"
EndProject
Project("{FAE04EC0-301F-11D3-BF4B-00C04F79EFBC}") = "Unity.Notifications.Android", "Unity.Notifications.Android.csproj", "{6CF27C66-2C39-09ED-D884-25AF912A6239}"
EndProject
Project("{FAE04EC0-301F-11D3-BF4B-00C04F79EFBC}") = "Unity.AI.Navigation", "Unity.AI.Navigation.csproj", "{1683A1C9-F94E-6227-A024-C40ABEBDC1B1}"
EndProject
Project("{FAE04EC0-301F-11D3-BF4B-00C04F79EFBC}") = "Unity.AI.Navigation.Editor.ConversionSystem", "Unity.AI.Navigation.Editor.ConversionSystem.csproj", "{915B7EFD-AFC6-2013-7C88-D1759E3BE99B}"
EndProject
Project("{FAE04EC0-301F-11D3-BF4B-00C04F79EFBC}") = "Unity.XR.OpenXR.Editor", "Unity.XR.OpenXR.Editor.csproj", "{7E494C49-296C-09F6-797F-1E0FD3AA1AA1}"
EndProject
Project("{FAE04EC0-301F-11D3-BF4B-00C04F79EFBC}") = "Unity.VisualScripting.State.Editor", "Unity.VisualScripting.State.Editor.csproj", "{D8EB57BD-DB71-DFDC-C7C4-8F92D6A3865C}"
EndProject
Project("{FAE04EC0-301F-11D3-BF4B-00C04F79EFBC}") = "UnityEditor.XR.LegacyInputHelpers", "UnityEditor.XR.LegacyInputHelpers.csproj", "{3E469EA7-23EB-9637-6F45-AB30A44653AA}"
EndProject
Project("{FAE04EC0-301F-11D3-BF4B-00C04F79EFBC}") = "Unity.Notifications", "Unity.Notifications.csproj", "{D2C72A10-C26D-8726-F532-93B0F6D6ED64}"
EndProject
Project("{FAE04EC0-301F-11D3-BF4B-00C04F79EFBC}") = "Unity.TestTools.CodeCoverage.Editor", "Unity.TestTools.CodeCoverage.Editor.csproj", "{A383B560-7883-CD6C-822B-6936B882D546}"
EndProject
Project("{FAE04EC0-301F-11D3-BF4B-00C04F79EFBC}") = "Unity.VisualScripting.State", "Unity.VisualScripting.State.csproj", "{93A3F3B3-3AC3-A793-ABBE-1325A66BC1AC}"
EndProject
Project("{FAE04EC0-301F-11D3-BF4B-00C04F79EFBC}") = "Unity.TextMeshPro", "Unity.TextMeshPro.csproj", "{B3C063C6-DF5A-5C66-0B2F-3CC4F6C517D1}"
EndProject
Project("{FAE04EC0-301F-11D3-BF4B-00C04F79EFBC}") = "Unity.Performance.Profile-Analyzer.Editor", "Unity.Performance.Profile-Analyzer.Editor.csproj", "{5875A1AA-7358-4C66-5224-4D0C367EDB76}"
EndProject
Project("{FAE04EC0-301F-11D3-BF4B-00C04F79EFBC}") = "Unity.XR.ARSubsystems.Editor", "Unity.XR.ARSubsystems.Editor.csproj", "{49F2C7BF-1655-1402-94B4-1797BB21D5C1}"
EndProject
Project("{FAE04EC0-301F-11D3-BF4B-00C04F79EFBC}") = "Unity.XR.InteractionSubsystems", "Unity.XR.InteractionSubsystems.csproj", "{4A950FDA-A691-8835-AA31-6D0AF31FAD96}"
EndProject
Project("{FAE04EC0-301F-11D3-BF4B-00C04F79EFBC}") = "Unity.XR.OpenXR.Features.MockRuntime", "Unity.XR.OpenXR.Features.MockRuntime.csproj", "{AD31D84F-EF27-E9FE-45C8-AE8A040D96C7}"
EndProject
Project("{FAE04EC0-301F-11D3-BF4B-00C04F79EFBC}") = "Unity.VSCode.Editor", "Unity.VSCode.Editor.csproj", "{41C91BC3-35DE-5988-C353-8B11627C3341}"
EndProject
Project("{FAE04EC0-301F-11D3-BF4B-00C04F79EFBC}") = "Unity.TestTools.CodeCoverage.Editor.OpenCover.Mono.Reflection", "Unity.TestTools.CodeCoverage.Editor.OpenCover.Mono.Reflection.csproj", "{650950EB-3555-F36E-33DB-A769F990C585}"
EndProject
Project("{FAE04EC0-301F-11D3-BF4B-00C04F79EFBC}") = "Unity.2D.Sprite.Editor", "Unity.2D.Sprite.Editor.csproj", "{4715D286-56DA-3CEC-9E2B-82C43F036ED0}"
EndProject
Project("{FAE04EC0-301F-11D3-BF4B-00C04F79EFBC}") = "Unity.AI.Navigation.Updater", "Unity.AI.Navigation.Updater.csproj", "{5C9EE496-4840-716E-B116-669C9BBAAFF8}"
EndProject
Project("{FAE04EC0-301F-11D3-BF4B-00C04F79EFBC}") = "Unity.Notifications.iOS", "Unity.Notifications.iOS.csproj", "{5557801B-45F0-DBB0-EA9F-C407ED60702F}"
EndProject
Project("{FAE04EC0-301F-11D3-BF4B-00C04F79EFBC}") = "UnityEditor.SpatialTracking", "UnityEditor.SpatialTracking.csproj", "{FEB1A126-6C4F-4D3A-5736-2FFA9CC304A2}"
EndProject
Project("{FAE04EC0-301F-11D3-BF4B-00C04F79EFBC}") = "Unity.XR.ARCore.Editor", "Unity.XR.ARCore.Editor.csproj", "{4B1D94BB-F401-1235-6C70-973BCDCB345C}"
EndProject
Project("{FAE04EC0-301F-11D3-BF4B-00C04F79EFBC}") = "UnityEditor.XR.MagicLeap", "UnityEditor.XR.MagicLeap.csproj", "{1E6C10DC-71DF-71BC-02F5-1A4D66E111AC}"
EndProject
Project("{FAE04EC0-301F-11D3-BF4B-00C04F79EFBC}") = "Unity.ProBuilder.Stl", "Unity.ProBuilder.Stl.csproj", "{50A6C272-FF79-9B13-3B3E-4CA7F8E22FAA}"
EndProject
Project("{FAE04EC0-301F-11D3-BF4B-00C04F79EFBC}") = "Unity.Settings.Editor", "Unity.Settings.Editor.csproj", "{DF5FDD5B-89E2-6458-B877-A968EE2276BE}"
EndProject
Project("{FAE04EC0-301F-11D3-BF4B-00C04F79EFBC}") = "Unity.XR.ARAnalytics.Editor", "Unity.XR.ARAnalytics.Editor.csproj", "{65027682-9BEE-E588-3DCA-CAB52AC07BFD}"
EndProject
Project("{FAE04EC0-301F-11D3-BF4B-00C04F79EFBC}") = "Unity.Notifications.Unified", "Unity.Notifications.Unified.csproj", "{D0FAA20F-A9AD-8F4C-7A7D-C8DFFDF4554A}"
EndProject
Project("{FAE04EC0-301F-11D3-BF4B-00C04F79EFBC}") = "Unity.XR.ARFoundation.InternalUtils", "Unity.XR.ARFoundation.InternalUtils.csproj", "{D038EFC0-332A-33C6-919A-55656444991A}"
EndProject
Project("{FAE04EC0-301F-11D3-BF4B-00C04F79EFBC}") = "Unity.ProBuilder.AssetIdRemapUtility", "Unity.ProBuilder.AssetIdRemapUtility.csproj", "{308C497E-8DBA-9A00-3F47-B206118000FC}"
EndProject
Project("{FAE04EC0-301F-11D3-BF4B-00C04F79EFBC}") = "Unity.XR.OpenXR.Features.RuntimeDebugger", "Unity.XR.OpenXR.Features.RuntimeDebugger.csproj", "{F60A51B8-BE0C-6176-5089-86D31EB9B54B}"
EndProject
Project("{FAE04EC0-301F-11D3-BF4B-00C04F79EFBC}") = "Unity.ProBuilder.KdTree", "Unity.ProBuilder.KdTree.csproj", "{73B506E9-50E0-EE2F-F99A-FB62693A1FC0}"
EndProject
Project("{FAE04EC0-301F-11D3-BF4B-00C04F79EFBC}") = "UnityEngine.SpatialTracking", "UnityEngine.SpatialTracking.csproj", "{1A7DD489-DA66-0C88-C16D-EF9D84786E33}"
EndProject
Project("{FAE04EC0-301F-11D3-BF4B-00C04F79EFBC}") = "Unity.ProBuilder.AddOns.Editor", "Unity.ProBuilder.AddOns.Editor.csproj", "{0DFAE794-C3B5-B79B-F0FF-AC56DF7A2854}"
EndProject
Project("{FAE04EC0-301F-11D3-BF4B-00C04F79EFBC}") = "Unity.XR.OpenXR.Features.MetaQuestSupport", "Unity.XR.OpenXR.Features.MetaQuestSupport.csproj", "{CC92EE77-53E6-7678-90CB-C6352D5BDA9E}"
EndProject
Project("{FAE04EC0-301F-11D3-BF4B-00C04F79EFBC}") = "Unity.InputSystem.ForUI", "Unity.InputSystem.ForUI.csproj", "{7A80E35A-CEE2-5B9D-806A-CC474EE133E2}"
EndProject
Project("{FAE04EC0-301F-11D3-BF4B-00C04F79EFBC}") = "FirebaseMessagingActivityGenerator", "FirebaseMessagingActivityGenerator.csproj", "{3845EBA1-29CB-DF4F-7F60-3A000DEB13FC}"
EndProject
Project("{FAE04EC0-301F-11D3-BF4B-00C04F79EFBC}") = "Unity.EditorCoroutines.Editor", "Unity.EditorCoroutines.Editor.csproj", "{15A5F115-B6F5-CF15-F9D6-89FDCCB5D43C}"
EndProject
Project("{FAE04EC0-301F-11D3-BF4B-00C04F79EFBC}") = "Unity.Mathematics.Editor", "Unity.Mathematics.Editor.csproj", "{69498734-F1D6-7F68-38EC-54C2166F44C8}"
EndProject
Project("{FAE04EC0-301F-11D3-BF4B-00C04F79EFBC}") = "Unity.XR.ARKit.FaceTracking", "Unity.XR.ARKit.FaceTracking.csproj", "{12271403-46E0-48B8-2326-DC467C73CEEF}"
EndProject
Project("{FAE04EC0-301F-11D3-BF4B-00C04F79EFBC}") = "Unity.InputSystem.TestFramework", "Unity.InputSystem.TestFramework.csproj", "{ADF637DD-2017-F7CC-FF60-35F712B4EB83}"
EndProject
Project("{FAE04EC0-301F-11D3-BF4B-00C04F79EFBC}") = "Unity.XR.OpenXR.Features.MetaQuestSupport.Editor", "Unity.XR.OpenXR.Features.MetaQuestSupport.Editor.csproj", "{5C3C540D-CE2C-5E3F-7217-717A622F5F22}"
EndProject
Project("{FAE04EC0-301F-11D3-BF4B-00C04F79EFBC}") = "UnityEngine.XR.LegacyInputHelpers", "UnityEngine.XR.LegacyInputHelpers.csproj", "{92C9A950-BFA3-1C1D-E044-99A487990ACB}"
EndProject
Project("{FAE04EC0-301F-11D3-BF4B-00C04F79EFBC}") = "Unity.XR.OpenXR.Features.OculusQuestSupport.Editor", "Unity.XR.OpenXR.Features.OculusQuestSupport.Editor.csproj", "{3CDB1B71-5815-5FEF-E9C9-F641FB7238F3}"
EndProject
Project("{FAE04EC0-301F-11D3-BF4B-00C04F79EFBC}") = "Unity.XR.OpenXR.Features.RuntimeDebugger.Editor", "Unity.XR.OpenXR.Features.RuntimeDebugger.Editor.csproj", "{CABB69CB-C137-F549-A652-CC579C426138}"
EndProject
Project("{FAE04EC0-301F-11D3-BF4B-00C04F79EFBC}") = "Unity.VisualScripting.Shared.Editor", "Unity.VisualScripting.Shared.Editor.csproj", "{9FB27D72-72D3-2DA8-08D4-F6F4B34E13A6}"
EndProject
Project("{FAE04EC0-301F-11D3-BF4B-00C04F79EFBC}") = "Unity.XR.OpenXR.Features.ConformanceAutomation", "Unity.XR.OpenXR.Features.ConformanceAutomation.csproj", "{4A353C31-59C5-6863-385A-4A5BA1F5C43D}"
EndProject
Project("{FAE04EC0-301F-11D3-BF4B-00C04F79EFBC}") = "Unity.CollabProxy.Editor", "Unity.CollabProxy.Editor.csproj", "{F67F357E-1DC5-37C2-C696-A05A165B82FC}"
EndProject
Project("{FAE04EC0-301F-11D3-BF4B-00C04F79EFBC}") = "Unity.XR.OpenXR.Features.OculusQuestSupport", "Unity.XR.OpenXR.Features.OculusQuestSupport.csproj", "{109E065D-FFF6-E8C7-08F3-337291BFA82B}"
EndProject
Project("{FAE04EC0-301F-11D3-BF4B-00C04F79EFBC}") = "Unity.XR.OpenXR", "Unity.XR.OpenXR.Player.csproj", "{7DF70924-F355-45A4-4CDB-BD9A871A9B9B}"
EndProject
Project("{FAE04EC0-301F-11D3-BF4B-00C04F79EFBC}") = "Unity.Timeline", "Unity.Timeline.Player.csproj", "{CEAE65C1-8146-DFD4-DAEC-1A6ECEE0A18A}"
EndProject
Project("{FAE04EC0-301F-11D3-BF4B-00C04F79EFBC}") = "Unity.XR.Simulation", "Unity.XR.Simulation.Player.csproj", "{E0AC9132-99C9-D2A2-B90C-FC3D7FC94156}"
EndProject
Project("{FAE04EC0-301F-11D3-BF4B-00C04F79EFBC}") = "Unity.XR.Management", "Unity.XR.Management.Player.csproj", "{3F3C8DA9-7649-5B0C-8836-E0E17B19AC2C}"
EndProject
Project("{FAE04EC0-301F-11D3-BF4B-00C04F79EFBC}") = "Unity.VisualScripting.Flow", "Unity.VisualScripting.Flow.Player.csproj", "{A64F2A75-1025-4368-CA57-B66F647693E7}"
EndProject
Project("{FAE04EC0-301F-11D3-BF4B-00C04F79EFBC}") = "Unity.ProBuilder", "Unity.ProBuilder.Player.csproj", "{2EA6FD08-390D-B167-0F06-F4255CEEACB3}"
EndProject
Project("{FAE04EC0-301F-11D3-BF4B-00C04F79EFBC}") = "Unity.InputSystem", "Unity.InputSystem.Player.csproj", "{AEF27A83-00E3-510B-D6E3-ECC905840005}"
EndProject
Project("{FAE04EC0-301F-11D3-BF4B-00C04F79EFBC}") = "Unity.VisualScripting.Core", "Unity.VisualScripting.Core.Player.csproj", "{6B58F09A-8E9E-B584-0CE0-4CF72510D0AF}"
EndProject
Project("{FAE04EC0-301F-11D3-BF4B-00C04F79EFBC}") = "Unity.Mathematics", "Unity.Mathematics.Player.csproj", "{EE1BEF8F-A8C7-9066-E25C-389E64D20EAC}"
EndProject
Project("{FAE04EC0-301F-11D3-BF4B-00C04F79EFBC}") = "Unity.XR.ARSubsystems", "Unity.XR.ARSubsystems.Player.csproj", "{90EA08F7-6D24-22C2-FEC1-F1E72E0EC017}"
EndProject
Project("{FAE04EC0-301F-11D3-BF4B-00C04F79EFBC}") = "Unity.ProBuilder.Poly2Tri", "Unity.ProBuilder.Poly2Tri.Player.csproj", "{DA98A509-E049-C0DB-F38C-8847B273E888}"
EndProject
Project("{FAE04EC0-301F-11D3-BF4B-00C04F79EFBC}") = "Unity.XR.ARFoundation", "Unity.XR.ARFoundation.Player.csproj", "{7341956F-3BAC-1FC9-F1A6-712CBD4A2D2C}"
EndProject
Project("{FAE04EC0-301F-11D3-BF4B-00C04F79EFBC}") = "UnityEngine.TestRunner", "UnityEngine.TestRunner.Player.csproj", "{833EFFAE-8EBA-F207-D4E8-E8517B912E36}"
EndProject
Project("{FAE04EC0-301F-11D3-BF4B-00C04F79EFBC}") = "Unity.XR.CoreUtils", "Unity.XR.CoreUtils.Player.csproj", "{2F2A7B7F-4C43-D258-D835-9D3ABC795A5C}"
EndProject
Project("{FAE04EC0-301F-11D3-BF4B-00C04F79EFBC}") = "UnityEngine.XR.MagicLeap", "UnityEngine.XR.MagicLeap.Player.csproj", "{72660BA6-B2B3-56B5-AB7B-9E6B4CF83FC6}"
EndProject
Project("{FAE04EC0-301F-11D3-BF4B-00C04F79EFBC}") = "Assembly-CSharp", "Assembly-CSharp.Player.csproj", "{116738C4-0234-C020-A283-EA09AFF3A275}"
EndProject
Project("{FAE04EC0-301F-11D3-BF4B-00C04F79EFBC}") = "UnityEngine.UI", "UnityEngine.UI.Player.csproj", "{35A00AE2-2EB3-3BBA-FB2B-C44413287232}"
EndProject
Project("{FAE04EC0-301F-11D3-BF4B-00C04F79EFBC}") = "Unity.ProBuilder.Csg", "Unity.ProBuilder.Csg.Player.csproj", "{20DC03CC-681C-9996-72A5-E5ED613CDCC9}"
EndProject
Project("{FAE04EC0-301F-11D3-BF4B-00C04F79EFBC}") = "Unity.XR.ARFoundation.VisualScripting", "Unity.XR.ARFoundation.VisualScripting.Player.csproj", "{BC64DD88-A6B4-76EB-AAFB-33B0C8E46A09}"
EndProject
Project("{FAE04EC0-301F-11D3-BF4B-00C04F79EFBC}") = "Unity.AI.Navigation", "Unity.AI.Navigation.Player.csproj", "{0D970C31-AC6D-995C-6136-12A26A6C3AD5}"
EndProject
Project("{FAE04EC0-301F-11D3-BF4B-00C04F79EFBC}") = "Unity.VisualScripting.State", "Unity.VisualScripting.State.Player.csproj", "{BA771BC8-0CD8-0E36-3C2C-A1D5FA4E5014}"
EndProject
Project("{FAE04EC0-301F-11D3-BF4B-00C04F79EFBC}") = "Unity.TextMeshPro", "Unity.TextMeshPro.Player.csproj", "{2B5BE8ED-AF62-EB25-4D5F-2A79432DCE13}"
EndProject
Project("{FAE04EC0-301F-11D3-BF4B-00C04F79EFBC}") = "Unity.XR.InteractionSubsystems", "Unity.XR.InteractionSubsystems.Player.csproj", "{C2B0C39E-99AB-0E2F-E6C7-EAC4937A2B40}"
EndProject
Project("{FAE04EC0-301F-11D3-BF4B-00C04F79EFBC}") = "Unity.XR.OpenXR.Features.MockRuntime", "Unity.XR.OpenXR.Features.MockRuntime.Player.csproj", "{4966B9A3-705D-8A1E-7DE6-595FDC1E7965}"
EndProject
Project("{FAE04EC0-301F-11D3-BF4B-00C04F79EFBC}") = "Unity.ProBuilder.Stl", "Unity.ProBuilder.Stl.Player.csproj", "{91B8F3A0-D56C-DD2B-F5F8-46B4A11D3C8B}"
EndProject
Project("{FAE04EC0-301F-11D3-BF4B-00C04F79EFBC}") = "Unity.XR.ARFoundation.InternalUtils", "Unity.XR.ARFoundation.InternalUtils.Player.csproj", "{315FB6B1-6E33-4F0B-4478-D349747EF03F}"
EndProject
Project("{FAE04EC0-301F-11D3-BF4B-00C04F79EFBC}") = "Unity.XR.OpenXR.Features.RuntimeDebugger", "Unity.XR.OpenXR.Features.RuntimeDebugger.Player.csproj", "{8243BE6E-A7BB-0532-FB45-FB7F60781AEF}"
EndProject
Project("{FAE04EC0-301F-11D3-BF4B-00C04F79EFBC}") = "Unity.ProBuilder.KdTree", "Unity.ProBuilder.KdTree.Player.csproj", "{E17920DD-660A-D885-DE88-71354F57A9EB}"
EndProject
Project("{FAE04EC0-301F-11D3-BF4B-00C04F79EFBC}") = "UnityEngine.SpatialTracking", "UnityEngine.SpatialTracking.Player.csproj", "{83FA17BD-520B-F653-BD7F-783863BAB22E}"
EndProject
Project("{FAE04EC0-301F-11D3-BF4B-00C04F79EFBC}") = "Unity.XR.OpenXR.Features.MetaQuestSupport", "Unity.XR.OpenXR.Features.MetaQuestSupport.Player.csproj", "{6CE73FF9-553F-6693-E212-FED498F61328}"
EndProject
Project("{FAE04EC0-301F-11D3-BF4B-00C04F79EFBC}") = "Unity.InputSystem.ForUI", "Unity.InputSystem.ForUI.Player.csproj", "{0CD6810D-AFE2-37D1-1349-7F8E9EEF6080}"
EndProject
Project("{FAE04EC0-301F-11D3-BF4B-00C04F79EFBC}") = "Unity.InputSystem.TestFramework", "Unity.InputSystem.TestFramework.Player.csproj", "{C6230774-A0B5-145F-6D41-BA3D39AD0E46}"
EndProject
Project("{FAE04EC0-301F-11D3-BF4B-00C04F79EFBC}") = "UnityEngine.XR.LegacyInputHelpers", "UnityEngine.XR.LegacyInputHelpers.Player.csproj", "{E6087CD8-0358-24F2-E06F-EC93B92E93FF}"
EndProject
Project("{FAE04EC0-301F-11D3-BF4B-00C04F79EFBC}") = "Unity.XR.OpenXR.Features.ConformanceAutomation", "Unity.XR.OpenXR.Features.ConformanceAutomation.Player.csproj", "{84C8DAA2-D496-0D67-EABE-E7E2A1DC2EA8}"
EndProject
Project("{FAE04EC0-301F-11D3-BF4B-00C04F79EFBC}") = "Unity.XR.OpenXR.Features.OculusQuestSupport", "Unity.XR.OpenXR.Features.OculusQuestSupport.Player.csproj", "{E14BF50B-33C6-684B-75D8-C3C144A94396}"
EndProject
Global
	GlobalSection(SolutionConfigurationPlatforms) = preSolution
		Debug|Any CPU = Debug|Any CPU
		Release|Any CPU = Release|Any CPU
	EndGlobalSection
	GlobalSection(ProjectConfigurationPlatforms) = postSolution
		{3F83DEC6-C659-85C2-5D64-52987E9DAC8D}.Debug|Any CPU.ActiveCfg = Debug|Any CPU
		{3F83DEC6-C659-85C2-5D64-52987E9DAC8D}.Debug|Any CPU.Build.0 = Debug|Any CPU
		{3F83DEC6-C659-85C2-5D64-52987E9DAC8D}.Release|Any CPU.ActiveCfg = Release|Any CPU
		{3F83DEC6-C659-85C2-5D64-52987E9DAC8D}.Release|Any CPU.Build.0 = Release|Any CPU
		{D6D7C676-2980-8429-0528-E636E650A13E}.Debug|Any CPU.ActiveCfg = Debug|Any CPU
		{D6D7C676-2980-8429-0528-E636E650A13E}.Debug|Any CPU.Build.0 = Debug|Any CPU
		{D6D7C676-2980-8429-0528-E636E650A13E}.Release|Any CPU.ActiveCfg = Release|Any CPU
		{D6D7C676-2980-8429-0528-E636E650A13E}.Release|Any CPU.Build.0 = Release|Any CPU
		{FBAD7B5F-0009-7D96-C110-61CBFC1B3086}.Debug|Any CPU.ActiveCfg = Debug|Any CPU
		{FBAD7B5F-0009-7D96-C110-61CBFC1B3086}.Debug|Any CPU.Build.0 = Debug|Any CPU
		{FBAD7B5F-0009-7D96-C110-61CBFC1B3086}.Release|Any CPU.ActiveCfg = Release|Any CPU
		{FBAD7B5F-0009-7D96-C110-61CBFC1B3086}.Release|Any CPU.Build.0 = Release|Any CPU
		{85B85ECD-31F8-DA62-159D-39694DF262ED}.Debug|Any CPU.ActiveCfg = Debug|Any CPU
		{85B85ECD-31F8-DA62-159D-39694DF262ED}.Debug|Any CPU.Build.0 = Debug|Any CPU
		{85B85ECD-31F8-DA62-159D-39694DF262ED}.Release|Any CPU.ActiveCfg = Release|Any CPU
		{85B85ECD-31F8-DA62-159D-39694DF262ED}.Release|Any CPU.Build.0 = Release|Any CPU
		{7E4BB453-31B6-E280-0138-C426518C7728}.Debug|Any CPU.ActiveCfg = Debug|Any CPU
		{7E4BB453-31B6-E280-0138-C426518C7728}.Debug|Any CPU.Build.0 = Debug|Any CPU
		{7E4BB453-31B6-E280-0138-C426518C7728}.Release|Any CPU.ActiveCfg = Release|Any CPU
		{7E4BB453-31B6-E280-0138-C426518C7728}.Release|Any CPU.Build.0 = Release|Any CPU
		{5C85C769-E395-A631-3DF1-A9D8C327BE9F}.Debug|Any CPU.ActiveCfg = Debug|Any CPU
		{5C85C769-E395-A631-3DF1-A9D8C327BE9F}.Debug|Any CPU.Build.0 = Debug|Any CPU
		{5C85C769-E395-A631-3DF1-A9D8C327BE9F}.Release|Any CPU.ActiveCfg = Release|Any CPU
		{5C85C769-E395-A631-3DF1-A9D8C327BE9F}.Release|Any CPU.Build.0 = Release|Any CPU
		{B7FA19FF-6F36-9400-8178-987CE28405F1}.Debug|Any CPU.ActiveCfg = Debug|Any CPU
		{B7FA19FF-6F36-9400-8178-987CE28405F1}.Debug|Any CPU.Build.0 = Debug|Any CPU
		{B7FA19FF-6F36-9400-8178-987CE28405F1}.Release|Any CPU.ActiveCfg = Release|Any CPU
		{B7FA19FF-6F36-9400-8178-987CE28405F1}.Release|Any CPU.Build.0 = Release|Any CPU
		{58FA62C7-08B4-1702-78A5-8EA61B09DEC5}.Debug|Any CPU.ActiveCfg = Debug|Any CPU
		{58FA62C7-08B4-1702-78A5-8EA61B09DEC5}.Debug|Any CPU.Build.0 = Debug|Any CPU
		{58FA62C7-08B4-1702-78A5-8EA61B09DEC5}.Release|Any CPU.ActiveCfg = Release|Any CPU
		{58FA62C7-08B4-1702-78A5-8EA61B09DEC5}.Release|Any CPU.Build.0 = Release|Any CPU
		{B328857D-6CAE-EC53-E3FD-C678603B359A}.Debug|Any CPU.ActiveCfg = Debug|Any CPU
		{B328857D-6CAE-EC53-E3FD-C678603B359A}.Debug|Any CPU.Build.0 = Debug|Any CPU
		{B328857D-6CAE-EC53-E3FD-C678603B359A}.Release|Any CPU.ActiveCfg = Release|Any CPU
		{B328857D-6CAE-EC53-E3FD-C678603B359A}.Release|Any CPU.Build.0 = Release|Any CPU
		{6ADC7816-9C4E-2E3D-DE64-9C6F392FC92F}.Debug|Any CPU.ActiveCfg = Debug|Any CPU
		{6ADC7816-9C4E-2E3D-DE64-9C6F392FC92F}.Debug|Any CPU.Build.0 = Debug|Any CPU
		{6ADC7816-9C4E-2E3D-DE64-9C6F392FC92F}.Release|Any CPU.ActiveCfg = Release|Any CPU
		{6ADC7816-9C4E-2E3D-DE64-9C6F392FC92F}.Release|Any CPU.Build.0 = Release|Any CPU
		{F4A4901B-9C5E-F992-F489-ACB654CAEE88}.Debug|Any CPU.ActiveCfg = Debug|Any CPU
		{F4A4901B-9C5E-F992-F489-ACB654CAEE88}.Debug|Any CPU.Build.0 = Debug|Any CPU
		{F4A4901B-9C5E-F992-F489-ACB654CAEE88}.Release|Any CPU.ActiveCfg = Release|Any CPU
		{F4A4901B-9C5E-F992-F489-ACB654CAEE88}.Release|Any CPU.Build.0 = Release|Any CPU
		{6E525D4C-F675-39EA-3DD4-81E673B09BE1}.Debug|Any CPU.ActiveCfg = Debug|Any CPU
		{6E525D4C-F675-39EA-3DD4-81E673B09BE1}.Debug|Any CPU.Build.0 = Debug|Any CPU
		{6E525D4C-F675-39EA-3DD4-81E673B09BE1}.Release|Any CPU.ActiveCfg = Release|Any CPU
		{6E525D4C-F675-39EA-3DD4-81E673B09BE1}.Release|Any CPU.Build.0 = Release|Any CPU
		{F3FBF1BD-73CF-B866-E70B-3D6706E42D7E}.Debug|Any CPU.ActiveCfg = Debug|Any CPU
		{F3FBF1BD-73CF-B866-E70B-3D6706E42D7E}.Debug|Any CPU.Build.0 = Debug|Any CPU
		{F3FBF1BD-73CF-B866-E70B-3D6706E42D7E}.Release|Any CPU.ActiveCfg = Release|Any CPU
		{F3FBF1BD-73CF-B866-E70B-3D6706E42D7E}.Release|Any CPU.Build.0 = Release|Any CPU
		{5D1A7251-7E99-4A3F-C9BF-03120966756E}.Debug|Any CPU.ActiveCfg = Debug|Any CPU
		{5D1A7251-7E99-4A3F-C9BF-03120966756E}.Debug|Any CPU.Build.0 = Debug|Any CPU
		{5D1A7251-7E99-4A3F-C9BF-03120966756E}.Release|Any CPU.ActiveCfg = Release|Any CPU
		{5D1A7251-7E99-4A3F-C9BF-03120966756E}.Release|Any CPU.Build.0 = Release|Any CPU
		{DB1EA966-8CC4-C534-0584-E6D4A3193223}.Debug|Any CPU.ActiveCfg = Debug|Any CPU
		{DB1EA966-8CC4-C534-0584-E6D4A3193223}.Debug|Any CPU.Build.0 = Debug|Any CPU
		{DB1EA966-8CC4-C534-0584-E6D4A3193223}.Release|Any CPU.ActiveCfg = Release|Any CPU
		{DB1EA966-8CC4-C534-0584-E6D4A3193223}.Release|Any CPU.Build.0 = Release|Any CPU
		{28CDED22-B949-410D-7995-08F21A50FE7C}.Debug|Any CPU.ActiveCfg = Debug|Any CPU
		{28CDED22-B949-410D-7995-08F21A50FE7C}.Debug|Any CPU.Build.0 = Debug|Any CPU
		{28CDED22-B949-410D-7995-08F21A50FE7C}.Release|Any CPU.ActiveCfg = Release|Any CPU
		{28CDED22-B949-410D-7995-08F21A50FE7C}.Release|Any CPU.Build.0 = Release|Any CPU
		{01867E35-1DB2-735C-07EF-9A0B89452F4D}.Debug|Any CPU.ActiveCfg = Debug|Any CPU
		{01867E35-1DB2-735C-07EF-9A0B89452F4D}.Debug|Any CPU.Build.0 = Debug|Any CPU
		{01867E35-1DB2-735C-07EF-9A0B89452F4D}.Release|Any CPU.ActiveCfg = Release|Any CPU
		{01867E35-1DB2-735C-07EF-9A0B89452F4D}.Release|Any CPU.Build.0 = Release|Any CPU
		{2BB55FD6-4283-2D2D-3E9C-E39754A55C78}.Debug|Any CPU.ActiveCfg = Debug|Any CPU
		{2BB55FD6-4283-2D2D-3E9C-E39754A55C78}.Debug|Any CPU.Build.0 = Debug|Any CPU
		{2BB55FD6-4283-2D2D-3E9C-E39754A55C78}.Release|Any CPU.ActiveCfg = Release|Any CPU
		{2BB55FD6-4283-2D2D-3E9C-E39754A55C78}.Release|Any CPU.Build.0 = Release|Any CPU
		{51C7D651-207A-DD63-9660-A8D6189F83E4}.Debug|Any CPU.ActiveCfg = Debug|Any CPU
		{51C7D651-207A-DD63-9660-A8D6189F83E4}.Debug|Any CPU.Build.0 = Debug|Any CPU
		{51C7D651-207A-DD63-9660-A8D6189F83E4}.Release|Any CPU.ActiveCfg = Release|Any CPU
		{51C7D651-207A-DD63-9660-A8D6189F83E4}.Release|Any CPU.Build.0 = Release|Any CPU
		{CE58B05A-553C-9459-FAE3-254B0BE1F4F7}.Debug|Any CPU.ActiveCfg = Debug|Any CPU
		{CE58B05A-553C-9459-FAE3-254B0BE1F4F7}.Debug|Any CPU.Build.0 = Debug|Any CPU
		{CE58B05A-553C-9459-FAE3-254B0BE1F4F7}.Release|Any CPU.ActiveCfg = Release|Any CPU
		{CE58B05A-553C-9459-FAE3-254B0BE1F4F7}.Release|Any CPU.Build.0 = Release|Any CPU
		{AC8F1288-5E6F-BDA4-7C15-A6606244D334}.Debug|Any CPU.ActiveCfg = Debug|Any CPU
		{AC8F1288-5E6F-BDA4-7C15-A6606244D334}.Debug|Any CPU.Build.0 = Debug|Any CPU
		{AC8F1288-5E6F-BDA4-7C15-A6606244D334}.Release|Any CPU.ActiveCfg = Release|Any CPU
		{AC8F1288-5E6F-BDA4-7C15-A6606244D334}.Release|Any CPU.Build.0 = Release|Any CPU
		{A55B28BA-7959-2B29-5888-8104DF4DB794}.Debug|Any CPU.ActiveCfg = Debug|Any CPU
		{A55B28BA-7959-2B29-5888-8104DF4DB794}.Debug|Any CPU.Build.0 = Debug|Any CPU
		{A55B28BA-7959-2B29-5888-8104DF4DB794}.Release|Any CPU.ActiveCfg = Release|Any CPU
		{A55B28BA-7959-2B29-5888-8104DF4DB794}.Release|Any CPU.Build.0 = Release|Any CPU
		{EAFA16DC-2471-2AA1-D4C4-E55F604CC34F}.Debug|Any CPU.ActiveCfg = Debug|Any CPU
		{EAFA16DC-2471-2AA1-D4C4-E55F604CC34F}.Debug|Any CPU.Build.0 = Debug|Any CPU
		{EAFA16DC-2471-2AA1-D4C4-E55F604CC34F}.Release|Any CPU.ActiveCfg = Release|Any CPU
		{EAFA16DC-2471-2AA1-D4C4-E55F604CC34F}.Release|Any CPU.Build.0 = Release|Any CPU
		{63FFB8FA-A6EA-8A45-26C4-B8087020AA13}.Debug|Any CPU.ActiveCfg = Debug|Any CPU
		{63FFB8FA-A6EA-8A45-26C4-B8087020AA13}.Debug|Any CPU.Build.0 = Debug|Any CPU
		{63FFB8FA-A6EA-8A45-26C4-B8087020AA13}.Release|Any CPU.ActiveCfg = Release|Any CPU
		{63FFB8FA-A6EA-8A45-26C4-B8087020AA13}.Release|Any CPU.Build.0 = Release|Any CPU
		{880DBF49-00E4-253C-C689-D4EB5A86914A}.Debug|Any CPU.ActiveCfg = Debug|Any CPU
		{880DBF49-00E4-253C-C689-D4EB5A86914A}.Debug|Any CPU.Build.0 = Debug|Any CPU
		{880DBF49-00E4-253C-C689-D4EB5A86914A}.Release|Any CPU.ActiveCfg = Release|Any CPU
		{880DBF49-00E4-253C-C689-D4EB5A86914A}.Release|Any CPU.Build.0 = Release|Any CPU
		{BB7F5945-FF6B-1D26-E84B-9613418A6CD5}.Debug|Any CPU.ActiveCfg = Debug|Any CPU
		{BB7F5945-FF6B-1D26-E84B-9613418A6CD5}.Debug|Any CPU.Build.0 = Debug|Any CPU
		{BB7F5945-FF6B-1D26-E84B-9613418A6CD5}.Release|Any CPU.ActiveCfg = Release|Any CPU
		{BB7F5945-FF6B-1D26-E84B-9613418A6CD5}.Release|Any CPU.Build.0 = Release|Any CPU
		{3F58D1E3-53A8-5BBD-5378-B05C34A0B611}.Debug|Any CPU.ActiveCfg = Debug|Any CPU
		{3F58D1E3-53A8-5BBD-5378-B05C34A0B611}.Debug|Any CPU.Build.0 = Debug|Any CPU
		{3F58D1E3-53A8-5BBD-5378-B05C34A0B611}.Release|Any CPU.ActiveCfg = Release|Any CPU
		{3F58D1E3-53A8-5BBD-5378-B05C34A0B611}.Release|Any CPU.Build.0 = Release|Any CPU
		{2CBD48C4-C6B6-1EEA-D086-FFB48051193F}.Debug|Any CPU.ActiveCfg = Debug|Any CPU
		{2CBD48C4-C6B6-1EEA-D086-FFB48051193F}.Debug|Any CPU.Build.0 = Debug|Any CPU
		{2CBD48C4-C6B6-1EEA-D086-FFB48051193F}.Release|Any CPU.ActiveCfg = Release|Any CPU
		{2CBD48C4-C6B6-1EEA-D086-FFB48051193F}.Release|Any CPU.Build.0 = Release|Any CPU
		{690113F8-1D3A-F8A2-1104-87E14F92CC69}.Debug|Any CPU.ActiveCfg = Debug|Any CPU
		{690113F8-1D3A-F8A2-1104-87E14F92CC69}.Debug|Any CPU.Build.0 = Debug|Any CPU
		{690113F8-1D3A-F8A2-1104-87E14F92CC69}.Release|Any CPU.ActiveCfg = Release|Any CPU
		{690113F8-1D3A-F8A2-1104-87E14F92CC69}.Release|Any CPU.Build.0 = Release|Any CPU
		{D64EF93E-11BE-B390-19C6-4D142702C13C}.Debug|Any CPU.ActiveCfg = Debug|Any CPU
		{D64EF93E-11BE-B390-19C6-4D142702C13C}.Debug|Any CPU.Build.0 = Debug|Any CPU
		{D64EF93E-11BE-B390-19C6-4D142702C13C}.Release|Any CPU.ActiveCfg = Release|Any CPU
		{D64EF93E-11BE-B390-19C6-4D142702C13C}.Release|Any CPU.Build.0 = Release|Any CPU
		{5A737AB9-79AE-ED48-3F88-3C3314519840}.Debug|Any CPU.ActiveCfg = Debug|Any CPU
		{5A737AB9-79AE-ED48-3F88-3C3314519840}.Debug|Any CPU.Build.0 = Debug|Any CPU
		{5A737AB9-79AE-ED48-3F88-3C3314519840}.Release|Any CPU.ActiveCfg = Release|Any CPU
		{5A737AB9-79AE-ED48-3F88-3C3314519840}.Release|Any CPU.Build.0 = Release|Any CPU
		{87D207C4-0879-1A2D-BF9A-082CB375CE7E}.Debug|Any CPU.ActiveCfg = Debug|Any CPU
		{87D207C4-0879-1A2D-BF9A-082CB375CE7E}.Debug|Any CPU.Build.0 = Debug|Any CPU
		{87D207C4-0879-1A2D-BF9A-082CB375CE7E}.Release|Any CPU.ActiveCfg = Release|Any CPU
		{87D207C4-0879-1A2D-BF9A-082CB375CE7E}.Release|Any CPU.Build.0 = Release|Any CPU
		{4CE9A726-B570-B4E4-61D7-93F88F843F87}.Debug|Any CPU.ActiveCfg = Debug|Any CPU
		{4CE9A726-B570-B4E4-61D7-93F88F843F87}.Debug|Any CPU.Build.0 = Debug|Any CPU
		{4CE9A726-B570-B4E4-61D7-93F88F843F87}.Release|Any CPU.ActiveCfg = Release|Any CPU
		{4CE9A726-B570-B4E4-61D7-93F88F843F87}.Release|Any CPU.Build.0 = Release|Any CPU
		{19EB7587-51B3-F255-BC93-923C34C623D5}.Debug|Any CPU.ActiveCfg = Debug|Any CPU
		{19EB7587-51B3-F255-BC93-923C34C623D5}.Debug|Any CPU.Build.0 = Debug|Any CPU
		{19EB7587-51B3-F255-BC93-923C34C623D5}.Release|Any CPU.ActiveCfg = Release|Any CPU
		{19EB7587-51B3-F255-BC93-923C34C623D5}.Release|Any CPU.Build.0 = Release|Any CPU
		{A4C3D60B-84B8-E753-7AB2-5D7ED997D291}.Debug|Any CPU.ActiveCfg = Debug|Any CPU
		{A4C3D60B-84B8-E753-7AB2-5D7ED997D291}.Debug|Any CPU.Build.0 = Debug|Any CPU
		{A4C3D60B-84B8-E753-7AB2-5D7ED997D291}.Release|Any CPU.ActiveCfg = Release|Any CPU
		{A4C3D60B-84B8-E753-7AB2-5D7ED997D291}.Release|Any CPU.Build.0 = Release|Any CPU
		{E9034916-8617-2470-1326-79D7D1779608}.Debug|Any CPU.ActiveCfg = Debug|Any CPU
		{E9034916-8617-2470-1326-79D7D1779608}.Debug|Any CPU.Build.0 = Debug|Any CPU
		{E9034916-8617-2470-1326-79D7D1779608}.Release|Any CPU.ActiveCfg = Release|Any CPU
		{E9034916-8617-2470-1326-79D7D1779608}.Release|Any CPU.Build.0 = Release|Any CPU
		{CB7DC0A4-6951-E73F-1BB5-BADD656F2590}.Debug|Any CPU.ActiveCfg = Debug|Any CPU
		{CB7DC0A4-6951-E73F-1BB5-BADD656F2590}.Debug|Any CPU.Build.0 = Debug|Any CPU
		{CB7DC0A4-6951-E73F-1BB5-BADD656F2590}.Release|Any CPU.ActiveCfg = Release|Any CPU
		{CB7DC0A4-6951-E73F-1BB5-BADD656F2590}.Release|Any CPU.Build.0 = Release|Any CPU
		{B81A7EB6-35BD-EDA2-07A8-C13FEDDBB231}.Debug|Any CPU.ActiveCfg = Debug|Any CPU
		{B81A7EB6-35BD-EDA2-07A8-C13FEDDBB231}.Debug|Any CPU.Build.0 = Debug|Any CPU
		{B81A7EB6-35BD-EDA2-07A8-C13FEDDBB231}.Release|Any CPU.ActiveCfg = Release|Any CPU
		{B81A7EB6-35BD-EDA2-07A8-C13FEDDBB231}.Release|Any CPU.Build.0 = Release|Any CPU
		{8865E893-396B-0CC4-8DDB-76D08BD328F0}.Debug|Any CPU.ActiveCfg = Debug|Any CPU
		{8865E893-396B-0CC4-8DDB-76D08BD328F0}.Debug|Any CPU.Build.0 = Debug|Any CPU
		{8865E893-396B-0CC4-8DDB-76D08BD328F0}.Release|Any CPU.ActiveCfg = Release|Any CPU
		{8865E893-396B-0CC4-8DDB-76D08BD328F0}.Release|Any CPU.Build.0 = Release|Any CPU
		{F8B319AB-1EFB-95D6-4CF2-1DB1A69FF6E6}.Debug|Any CPU.ActiveCfg = Debug|Any CPU
		{F8B319AB-1EFB-95D6-4CF2-1DB1A69FF6E6}.Debug|Any CPU.Build.0 = Debug|Any CPU
		{F8B319AB-1EFB-95D6-4CF2-1DB1A69FF6E6}.Release|Any CPU.ActiveCfg = Release|Any CPU
		{F8B319AB-1EFB-95D6-4CF2-1DB1A69FF6E6}.Release|Any CPU.Build.0 = Release|Any CPU
		{6CF27C66-2C39-09ED-D884-25AF912A6239}.Debug|Any CPU.ActiveCfg = Debug|Any CPU
		{6CF27C66-2C39-09ED-D884-25AF912A6239}.Debug|Any CPU.Build.0 = Debug|Any CPU
		{6CF27C66-2C39-09ED-D884-25AF912A6239}.Release|Any CPU.ActiveCfg = Release|Any CPU
		{6CF27C66-2C39-09ED-D884-25AF912A6239}.Release|Any CPU.Build.0 = Release|Any CPU
		{1683A1C9-F94E-6227-A024-C40ABEBDC1B1}.Debug|Any CPU.ActiveCfg = Debug|Any CPU
		{1683A1C9-F94E-6227-A024-C40ABEBDC1B1}.Debug|Any CPU.Build.0 = Debug|Any CPU
		{1683A1C9-F94E-6227-A024-C40ABEBDC1B1}.Release|Any CPU.ActiveCfg = Release|Any CPU
		{1683A1C9-F94E-6227-A024-C40ABEBDC1B1}.Release|Any CPU.Build.0 = Release|Any CPU
		{915B7EFD-AFC6-2013-7C88-D1759E3BE99B}.Debug|Any CPU.ActiveCfg = Debug|Any CPU
		{915B7EFD-AFC6-2013-7C88-D1759E3BE99B}.Debug|Any CPU.Build.0 = Debug|Any CPU
		{915B7EFD-AFC6-2013-7C88-D1759E3BE99B}.Release|Any CPU.ActiveCfg = Release|Any CPU
		{915B7EFD-AFC6-2013-7C88-D1759E3BE99B}.Release|Any CPU.Build.0 = Release|Any CPU
		{7E494C49-296C-09F6-797F-1E0FD3AA1AA1}.Debug|Any CPU.ActiveCfg = Debug|Any CPU
		{7E494C49-296C-09F6-797F-1E0FD3AA1AA1}.Debug|Any CPU.Build.0 = Debug|Any CPU
		{7E494C49-296C-09F6-797F-1E0FD3AA1AA1}.Release|Any CPU.ActiveCfg = Release|Any CPU
		{7E494C49-296C-09F6-797F-1E0FD3AA1AA1}.Release|Any CPU.Build.0 = Release|Any CPU
		{D8EB57BD-DB71-DFDC-C7C4-8F92D6A3865C}.Debug|Any CPU.ActiveCfg = Debug|Any CPU
		{D8EB57BD-DB71-DFDC-C7C4-8F92D6A3865C}.Debug|Any CPU.Build.0 = Debug|Any CPU
		{D8EB57BD-DB71-DFDC-C7C4-8F92D6A3865C}.Release|Any CPU.ActiveCfg = Release|Any CPU
		{D8EB57BD-DB71-DFDC-C7C4-8F92D6A3865C}.Release|Any CPU.Build.0 = Release|Any CPU
		{3E469EA7-23EB-9637-6F45-AB30A44653AA}.Debug|Any CPU.ActiveCfg = Debug|Any CPU
		{3E469EA7-23EB-9637-6F45-AB30A44653AA}.Debug|Any CPU.Build.0 = Debug|Any CPU
		{3E469EA7-23EB-9637-6F45-AB30A44653AA}.Release|Any CPU.ActiveCfg = Release|Any CPU
		{3E469EA7-23EB-9637-6F45-AB30A44653AA}.Release|Any CPU.Build.0 = Release|Any CPU
		{D2C72A10-C26D-8726-F532-93B0F6D6ED64}.Debug|Any CPU.ActiveCfg = Debug|Any CPU
		{D2C72A10-C26D-8726-F532-93B0F6D6ED64}.Debug|Any CPU.Build.0 = Debug|Any CPU
		{D2C72A10-C26D-8726-F532-93B0F6D6ED64}.Release|Any CPU.ActiveCfg = Release|Any CPU
		{D2C72A10-C26D-8726-F532-93B0F6D6ED64}.Release|Any CPU.Build.0 = Release|Any CPU
		{A383B560-7883-CD6C-822B-6936B882D546}.Debug|Any CPU.ActiveCfg = Debug|Any CPU
		{A383B560-7883-CD6C-822B-6936B882D546}.Debug|Any CPU.Build.0 = Debug|Any CPU
		{A383B560-7883-CD6C-822B-6936B882D546}.Release|Any CPU.ActiveCfg = Release|Any CPU
		{A383B560-7883-CD6C-822B-6936B882D546}.Release|Any CPU.Build.0 = Release|Any CPU
		{93A3F3B3-3AC3-A793-ABBE-1325A66BC1AC}.Debug|Any CPU.ActiveCfg = Debug|Any CPU
		{93A3F3B3-3AC3-A793-ABBE-1325A66BC1AC}.Debug|Any CPU.Build.0 = Debug|Any CPU
		{93A3F3B3-3AC3-A793-ABBE-1325A66BC1AC}.Release|Any CPU.ActiveCfg = Release|Any CPU
		{93A3F3B3-3AC3-A793-ABBE-1325A66BC1AC}.Release|Any CPU.Build.0 = Release|Any CPU
		{B3C063C6-DF5A-5C66-0B2F-3CC4F6C517D1}.Debug|Any CPU.ActiveCfg = Debug|Any CPU
		{B3C063C6-DF5A-5C66-0B2F-3CC4F6C517D1}.Debug|Any CPU.Build.0 = Debug|Any CPU
		{B3C063C6-DF5A-5C66-0B2F-3CC4F6C517D1}.Release|Any CPU.ActiveCfg = Release|Any CPU
		{B3C063C6-DF5A-5C66-0B2F-3CC4F6C517D1}.Release|Any CPU.Build.0 = Release|Any CPU
		{5875A1AA-7358-4C66-5224-4D0C367EDB76}.Debug|Any CPU.ActiveCfg = Debug|Any CPU
		{5875A1AA-7358-4C66-5224-4D0C367EDB76}.Debug|Any CPU.Build.0 = Debug|Any CPU
		{5875A1AA-7358-4C66-5224-4D0C367EDB76}.Release|Any CPU.ActiveCfg = Release|Any CPU
		{5875A1AA-7358-4C66-5224-4D0C367EDB76}.Release|Any CPU.Build.0 = Release|Any CPU
		{49F2C7BF-1655-1402-94B4-1797BB21D5C1}.Debug|Any CPU.ActiveCfg = Debug|Any CPU
		{49F2C7BF-1655-1402-94B4-1797BB21D5C1}.Debug|Any CPU.Build.0 = Debug|Any CPU
		{49F2C7BF-1655-1402-94B4-1797BB21D5C1}.Release|Any CPU.ActiveCfg = Release|Any CPU
		{49F2C7BF-1655-1402-94B4-1797BB21D5C1}.Release|Any CPU.Build.0 = Release|Any CPU
		{4A950FDA-A691-8835-AA31-6D0AF31FAD96}.Debug|Any CPU.ActiveCfg = Debug|Any CPU
		{4A950FDA-A691-8835-AA31-6D0AF31FAD96}.Debug|Any CPU.Build.0 = Debug|Any CPU
		{4A950FDA-A691-8835-AA31-6D0AF31FAD96}.Release|Any CPU.ActiveCfg = Release|Any CPU
		{4A950FDA-A691-8835-AA31-6D0AF31FAD96}.Release|Any CPU.Build.0 = Release|Any CPU
		{AD31D84F-EF27-E9FE-45C8-AE8A040D96C7}.Debug|Any CPU.ActiveCfg = Debug|Any CPU
		{AD31D84F-EF27-E9FE-45C8-AE8A040D96C7}.Debug|Any CPU.Build.0 = Debug|Any CPU
		{AD31D84F-EF27-E9FE-45C8-AE8A040D96C7}.Release|Any CPU.ActiveCfg = Release|Any CPU
		{AD31D84F-EF27-E9FE-45C8-AE8A040D96C7}.Release|Any CPU.Build.0 = Release|Any CPU
		{41C91BC3-35DE-5988-C353-8B11627C3341}.Debug|Any CPU.ActiveCfg = Debug|Any CPU
		{41C91BC3-35DE-5988-C353-8B11627C3341}.Debug|Any CPU.Build.0 = Debug|Any CPU
		{41C91BC3-35DE-5988-C353-8B11627C3341}.Release|Any CPU.ActiveCfg = Release|Any CPU
		{41C91BC3-35DE-5988-C353-8B11627C3341}.Release|Any CPU.Build.0 = Release|Any CPU
		{650950EB-3555-F36E-33DB-A769F990C585}.Debug|Any CPU.ActiveCfg = Debug|Any CPU
		{650950EB-3555-F36E-33DB-A769F990C585}.Debug|Any CPU.Build.0 = Debug|Any CPU
		{650950EB-3555-F36E-33DB-A769F990C585}.Release|Any CPU.ActiveCfg = Release|Any CPU
		{650950EB-3555-F36E-33DB-A769F990C585}.Release|Any CPU.Build.0 = Release|Any CPU
		{4715D286-56DA-3CEC-9E2B-82C43F036ED0}.Debug|Any CPU.ActiveCfg = Debug|Any CPU
		{4715D286-56DA-3CEC-9E2B-82C43F036ED0}.Debug|Any CPU.Build.0 = Debug|Any CPU
		{4715D286-56DA-3CEC-9E2B-82C43F036ED0}.Release|Any CPU.ActiveCfg = Release|Any CPU
		{4715D286-56DA-3CEC-9E2B-82C43F036ED0}.Release|Any CPU.Build.0 = Release|Any CPU
		{5C9EE496-4840-716E-B116-669C9BBAAFF8}.Debug|Any CPU.ActiveCfg = Debug|Any CPU
		{5C9EE496-4840-716E-B116-669C9BBAAFF8}.Debug|Any CPU.Build.0 = Debug|Any CPU
		{5C9EE496-4840-716E-B116-669C9BBAAFF8}.Release|Any CPU.ActiveCfg = Release|Any CPU
		{5C9EE496-4840-716E-B116-669C9BBAAFF8}.Release|Any CPU.Build.0 = Release|Any CPU
		{5557801B-45F0-DBB0-EA9F-C407ED60702F}.Debug|Any CPU.ActiveCfg = Debug|Any CPU
		{5557801B-45F0-DBB0-EA9F-C407ED60702F}.Debug|Any CPU.Build.0 = Debug|Any CPU
		{5557801B-45F0-DBB0-EA9F-C407ED60702F}.Release|Any CPU.ActiveCfg = Release|Any CPU
		{5557801B-45F0-DBB0-EA9F-C407ED60702F}.Release|Any CPU.Build.0 = Release|Any CPU
		{FEB1A126-6C4F-4D3A-5736-2FFA9CC304A2}.Debug|Any CPU.ActiveCfg = Debug|Any CPU
		{FEB1A126-6C4F-4D3A-5736-2FFA9CC304A2}.Debug|Any CPU.Build.0 = Debug|Any CPU
		{FEB1A126-6C4F-4D3A-5736-2FFA9CC304A2}.Release|Any CPU.ActiveCfg = Release|Any CPU
		{FEB1A126-6C4F-4D3A-5736-2FFA9CC304A2}.Release|Any CPU.Build.0 = Release|Any CPU
		{4B1D94BB-F401-1235-6C70-973BCDCB345C}.Debug|Any CPU.ActiveCfg = Debug|Any CPU
		{4B1D94BB-F401-1235-6C70-973BCDCB345C}.Debug|Any CPU.Build.0 = Debug|Any CPU
		{4B1D94BB-F401-1235-6C70-973BCDCB345C}.Release|Any CPU.ActiveCfg = Release|Any CPU
		{4B1D94BB-F401-1235-6C70-973BCDCB345C}.Release|Any CPU.Build.0 = Release|Any CPU
		{1E6C10DC-71DF-71BC-02F5-1A4D66E111AC}.Debug|Any CPU.ActiveCfg = Debug|Any CPU
		{1E6C10DC-71DF-71BC-02F5-1A4D66E111AC}.Debug|Any CPU.Build.0 = Debug|Any CPU
		{1E6C10DC-71DF-71BC-02F5-1A4D66E111AC}.Release|Any CPU.ActiveCfg = Release|Any CPU
		{1E6C10DC-71DF-71BC-02F5-1A4D66E111AC}.Release|Any CPU.Build.0 = Release|Any CPU
		{50A6C272-FF79-9B13-3B3E-4CA7F8E22FAA}.Debug|Any CPU.ActiveCfg = Debug|Any CPU
		{50A6C272-FF79-9B13-3B3E-4CA7F8E22FAA}.Debug|Any CPU.Build.0 = Debug|Any CPU
		{50A6C272-FF79-9B13-3B3E-4CA7F8E22FAA}.Release|Any CPU.ActiveCfg = Release|Any CPU
		{50A6C272-FF79-9B13-3B3E-4CA7F8E22FAA}.Release|Any CPU.Build.0 = Release|Any CPU
		{DF5FDD5B-89E2-6458-B877-A968EE2276BE}.Debug|Any CPU.ActiveCfg = Debug|Any CPU
		{DF5FDD5B-89E2-6458-B877-A968EE2276BE}.Debug|Any CPU.Build.0 = Debug|Any CPU
		{DF5FDD5B-89E2-6458-B877-A968EE2276BE}.Release|Any CPU.ActiveCfg = Release|Any CPU
		{DF5FDD5B-89E2-6458-B877-A968EE2276BE}.Release|Any CPU.Build.0 = Release|Any CPU
		{65027682-9BEE-E588-3DCA-CAB52AC07BFD}.Debug|Any CPU.ActiveCfg = Debug|Any CPU
		{65027682-9BEE-E588-3DCA-CAB52AC07BFD}.Debug|Any CPU.Build.0 = Debug|Any CPU
		{65027682-9BEE-E588-3DCA-CAB52AC07BFD}.Release|Any CPU.ActiveCfg = Release|Any CPU
		{65027682-9BEE-E588-3DCA-CAB52AC07BFD}.Release|Any CPU.Build.0 = Release|Any CPU
		{D0FAA20F-A9AD-8F4C-7A7D-C8DFFDF4554A}.Debug|Any CPU.ActiveCfg = Debug|Any CPU
		{D0FAA20F-A9AD-8F4C-7A7D-C8DFFDF4554A}.Debug|Any CPU.Build.0 = Debug|Any CPU
		{D0FAA20F-A9AD-8F4C-7A7D-C8DFFDF4554A}.Release|Any CPU.ActiveCfg = Release|Any CPU
		{D0FAA20F-A9AD-8F4C-7A7D-C8DFFDF4554A}.Release|Any CPU.Build.0 = Release|Any CPU
		{D038EFC0-332A-33C6-919A-55656444991A}.Debug|Any CPU.ActiveCfg = Debug|Any CPU
		{D038EFC0-332A-33C6-919A-55656444991A}.Debug|Any CPU.Build.0 = Debug|Any CPU
		{D038EFC0-332A-33C6-919A-55656444991A}.Release|Any CPU.ActiveCfg = Release|Any CPU
		{D038EFC0-332A-33C6-919A-55656444991A}.Release|Any CPU.Build.0 = Release|Any CPU
		{308C497E-8DBA-9A00-3F47-B206118000FC}.Debug|Any CPU.ActiveCfg = Debug|Any CPU
		{308C497E-8DBA-9A00-3F47-B206118000FC}.Debug|Any CPU.Build.0 = Debug|Any CPU
		{308C497E-8DBA-9A00-3F47-B206118000FC}.Release|Any CPU.ActiveCfg = Release|Any CPU
		{308C497E-8DBA-9A00-3F47-B206118000FC}.Release|Any CPU.Build.0 = Release|Any CPU
		{F60A51B8-BE0C-6176-5089-86D31EB9B54B}.Debug|Any CPU.ActiveCfg = Debug|Any CPU
		{F60A51B8-BE0C-6176-5089-86D31EB9B54B}.Debug|Any CPU.Build.0 = Debug|Any CPU
		{F60A51B8-BE0C-6176-5089-86D31EB9B54B}.Release|Any CPU.ActiveCfg = Release|Any CPU
		{F60A51B8-BE0C-6176-5089-86D31EB9B54B}.Release|Any CPU.Build.0 = Release|Any CPU
		{73B506E9-50E0-EE2F-F99A-FB62693A1FC0}.Debug|Any CPU.ActiveCfg = Debug|Any CPU
		{73B506E9-50E0-EE2F-F99A-FB62693A1FC0}.Debug|Any CPU.Build.0 = Debug|Any CPU
		{73B506E9-50E0-EE2F-F99A-FB62693A1FC0}.Release|Any CPU.ActiveCfg = Release|Any CPU
		{73B506E9-50E0-EE2F-F99A-FB62693A1FC0}.Release|Any CPU.Build.0 = Release|Any CPU
		{1A7DD489-DA66-0C88-C16D-EF9D84786E33}.Debug|Any CPU.ActiveCfg = Debug|Any CPU
		{1A7DD489-DA66-0C88-C16D-EF9D84786E33}.Debug|Any CPU.Build.0 = Debug|Any CPU
		{1A7DD489-DA66-0C88-C16D-EF9D84786E33}.Release|Any CPU.ActiveCfg = Release|Any CPU
		{1A7DD489-DA66-0C88-C16D-EF9D84786E33}.Release|Any CPU.Build.0 = Release|Any CPU
		{0DFAE794-C3B5-B79B-F0FF-AC56DF7A2854}.Debug|Any CPU.ActiveCfg = Debug|Any CPU
		{0DFAE794-C3B5-B79B-F0FF-AC56DF7A2854}.Debug|Any CPU.Build.0 = Debug|Any CPU
		{0DFAE794-C3B5-B79B-F0FF-AC56DF7A2854}.Release|Any CPU.ActiveCfg = Release|Any CPU
		{0DFAE794-C3B5-B79B-F0FF-AC56DF7A2854}.Release|Any CPU.Build.0 = Release|Any CPU
		{CC92EE77-53E6-7678-90CB-C6352D5BDA9E}.Debug|Any CPU.ActiveCfg = Debug|Any CPU
		{CC92EE77-53E6-7678-90CB-C6352D5BDA9E}.Debug|Any CPU.Build.0 = Debug|Any CPU
		{CC92EE77-53E6-7678-90CB-C6352D5BDA9E}.Release|Any CPU.ActiveCfg = Release|Any CPU
		{CC92EE77-53E6-7678-90CB-C6352D5BDA9E}.Release|Any CPU.Build.0 = Release|Any CPU
		{7A80E35A-CEE2-5B9D-806A-CC474EE133E2}.Debug|Any CPU.ActiveCfg = Debug|Any CPU
		{7A80E35A-CEE2-5B9D-806A-CC474EE133E2}.Debug|Any CPU.Build.0 = Debug|Any CPU
		{7A80E35A-CEE2-5B9D-806A-CC474EE133E2}.Release|Any CPU.ActiveCfg = Release|Any CPU
		{7A80E35A-CEE2-5B9D-806A-CC474EE133E2}.Release|Any CPU.Build.0 = Release|Any CPU
		{3845EBA1-29CB-DF4F-7F60-3A000DEB13FC}.Debug|Any CPU.ActiveCfg = Debug|Any CPU
		{3845EBA1-29CB-DF4F-7F60-3A000DEB13FC}.Debug|Any CPU.Build.0 = Debug|Any CPU
		{3845EBA1-29CB-DF4F-7F60-3A000DEB13FC}.Release|Any CPU.ActiveCfg = Release|Any CPU
		{3845EBA1-29CB-DF4F-7F60-3A000DEB13FC}.Release|Any CPU.Build.0 = Release|Any CPU
		{15A5F115-B6F5-CF15-F9D6-89FDCCB5D43C}.Debug|Any CPU.ActiveCfg = Debug|Any CPU
		{15A5F115-B6F5-CF15-F9D6-89FDCCB5D43C}.Debug|Any CPU.Build.0 = Debug|Any CPU
		{15A5F115-B6F5-CF15-F9D6-89FDCCB5D43C}.Release|Any CPU.ActiveCfg = Release|Any CPU
		{15A5F115-B6F5-CF15-F9D6-89FDCCB5D43C}.Release|Any CPU.Build.0 = Release|Any CPU
		{69498734-F1D6-7F68-38EC-54C2166F44C8}.Debug|Any CPU.ActiveCfg = Debug|Any CPU
		{69498734-F1D6-7F68-38EC-54C2166F44C8}.Debug|Any CPU.Build.0 = Debug|Any CPU
		{69498734-F1D6-7F68-38EC-54C2166F44C8}.Release|Any CPU.ActiveCfg = Release|Any CPU
		{69498734-F1D6-7F68-38EC-54C2166F44C8}.Release|Any CPU.Build.0 = Release|Any CPU
		{12271403-46E0-48B8-2326-DC467C73CEEF}.Debug|Any CPU.ActiveCfg = Debug|Any CPU
		{12271403-46E0-48B8-2326-DC467C73CEEF}.Debug|Any CPU.Build.0 = Debug|Any CPU
		{12271403-46E0-48B8-2326-DC467C73CEEF}.Release|Any CPU.ActiveCfg = Release|Any CPU
		{12271403-46E0-48B8-2326-DC467C73CEEF}.Release|Any CPU.Build.0 = Release|Any CPU
		{ADF637DD-2017-F7CC-FF60-35F712B4EB83}.Debug|Any CPU.ActiveCfg = Debug|Any CPU
		{ADF637DD-2017-F7CC-FF60-35F712B4EB83}.Debug|Any CPU.Build.0 = Debug|Any CPU
		{ADF637DD-2017-F7CC-FF60-35F712B4EB83}.Release|Any CPU.ActiveCfg = Release|Any CPU
		{ADF637DD-2017-F7CC-FF60-35F712B4EB83}.Release|Any CPU.Build.0 = Release|Any CPU
		{5C3C540D-CE2C-5E3F-7217-717A622F5F22}.Debug|Any CPU.ActiveCfg = Debug|Any CPU
		{5C3C540D-CE2C-5E3F-7217-717A622F5F22}.Debug|Any CPU.Build.0 = Debug|Any CPU
		{5C3C540D-CE2C-5E3F-7217-717A622F5F22}.Release|Any CPU.ActiveCfg = Release|Any CPU
		{5C3C540D-CE2C-5E3F-7217-717A622F5F22}.Release|Any CPU.Build.0 = Release|Any CPU
		{92C9A950-BFA3-1C1D-E044-99A487990ACB}.Debug|Any CPU.ActiveCfg = Debug|Any CPU
		{92C9A950-BFA3-1C1D-E044-99A487990ACB}.Debug|Any CPU.Build.0 = Debug|Any CPU
		{92C9A950-BFA3-1C1D-E044-99A487990ACB}.Release|Any CPU.ActiveCfg = Release|Any CPU
		{92C9A950-BFA3-1C1D-E044-99A487990ACB}.Release|Any CPU.Build.0 = Release|Any CPU
		{3CDB1B71-5815-5FEF-E9C9-F641FB7238F3}.Debug|Any CPU.ActiveCfg = Debug|Any CPU
		{3CDB1B71-5815-5FEF-E9C9-F641FB7238F3}.Debug|Any CPU.Build.0 = Debug|Any CPU
		{3CDB1B71-5815-5FEF-E9C9-F641FB7238F3}.Release|Any CPU.ActiveCfg = Release|Any CPU
		{3CDB1B71-5815-5FEF-E9C9-F641FB7238F3}.Release|Any CPU.Build.0 = Release|Any CPU
		{CABB69CB-C137-F549-A652-CC579C426138}.Debug|Any CPU.ActiveCfg = Debug|Any CPU
		{CABB69CB-C137-F549-A652-CC579C426138}.Debug|Any CPU.Build.0 = Debug|Any CPU
		{CABB69CB-C137-F549-A652-CC579C426138}.Release|Any CPU.ActiveCfg = Release|Any CPU
		{CABB69CB-C137-F549-A652-CC579C426138}.Release|Any CPU.Build.0 = Release|Any CPU
		{9FB27D72-72D3-2DA8-08D4-F6F4B34E13A6}.Debug|Any CPU.ActiveCfg = Debug|Any CPU
		{9FB27D72-72D3-2DA8-08D4-F6F4B34E13A6}.Debug|Any CPU.Build.0 = Debug|Any CPU
		{9FB27D72-72D3-2DA8-08D4-F6F4B34E13A6}.Release|Any CPU.ActiveCfg = Release|Any CPU
		{9FB27D72-72D3-2DA8-08D4-F6F4B34E13A6}.Release|Any CPU.Build.0 = Release|Any CPU
		{4A353C31-59C5-6863-385A-4A5BA1F5C43D}.Debug|Any CPU.ActiveCfg = Debug|Any CPU
		{4A353C31-59C5-6863-385A-4A5BA1F5C43D}.Debug|Any CPU.Build.0 = Debug|Any CPU
		{4A353C31-59C5-6863-385A-4A5BA1F5C43D}.Release|Any CPU.ActiveCfg = Release|Any CPU
		{4A353C31-59C5-6863-385A-4A5BA1F5C43D}.Release|Any CPU.Build.0 = Release|Any CPU
		{F67F357E-1DC5-37C2-C696-A05A165B82FC}.Debug|Any CPU.ActiveCfg = Debug|Any CPU
		{F67F357E-1DC5-37C2-C696-A05A165B82FC}.Debug|Any CPU.Build.0 = Debug|Any CPU
		{F67F357E-1DC5-37C2-C696-A05A165B82FC}.Release|Any CPU.ActiveCfg = Release|Any CPU
		{F67F357E-1DC5-37C2-C696-A05A165B82FC}.Release|Any CPU.Build.0 = Release|Any CPU
		{109E065D-FFF6-E8C7-08F3-337291BFA82B}.Debug|Any CPU.ActiveCfg = Debug|Any CPU
		{109E065D-FFF6-E8C7-08F3-337291BFA82B}.Debug|Any CPU.Build.0 = Debug|Any CPU
		{109E065D-FFF6-E8C7-08F3-337291BFA82B}.Release|Any CPU.ActiveCfg = Release|Any CPU
		{109E065D-FFF6-E8C7-08F3-337291BFA82B}.Release|Any CPU.Build.0 = Release|Any CPU
		{7DF70924-F355-45A4-4CDB-BD9A871A9B9B}.Debug|Any CPU.ActiveCfg = Debug|Any CPU
		{7DF70924-F355-45A4-4CDB-BD9A871A9B9B}.Debug|Any CPU.Build.0 = Debug|Any CPU
		{7DF70924-F355-45A4-4CDB-BD9A871A9B9B}.Release|Any CPU.ActiveCfg = Release|Any CPU
		{7DF70924-F355-45A4-4CDB-BD9A871A9B9B}.Release|Any CPU.Build.0 = Release|Any CPU
		{CEAE65C1-8146-DFD4-DAEC-1A6ECEE0A18A}.Debug|Any CPU.ActiveCfg = Debug|Any CPU
		{CEAE65C1-8146-DFD4-DAEC-1A6ECEE0A18A}.Debug|Any CPU.Build.0 = Debug|Any CPU
		{CEAE65C1-8146-DFD4-DAEC-1A6ECEE0A18A}.Release|Any CPU.ActiveCfg = Release|Any CPU
		{CEAE65C1-8146-DFD4-DAEC-1A6ECEE0A18A}.Release|Any CPU.Build.0 = Release|Any CPU
		{E0AC9132-99C9-D2A2-B90C-FC3D7FC94156}.Debug|Any CPU.ActiveCfg = Debug|Any CPU
		{E0AC9132-99C9-D2A2-B90C-FC3D7FC94156}.Debug|Any CPU.Build.0 = Debug|Any CPU
		{E0AC9132-99C9-D2A2-B90C-FC3D7FC94156}.Release|Any CPU.ActiveCfg = Release|Any CPU
		{E0AC9132-99C9-D2A2-B90C-FC3D7FC94156}.Release|Any CPU.Build.0 = Release|Any CPU
		{3F3C8DA9-7649-5B0C-8836-E0E17B19AC2C}.Debug|Any CPU.ActiveCfg = Debug|Any CPU
		{3F3C8DA9-7649-5B0C-8836-E0E17B19AC2C}.Debug|Any CPU.Build.0 = Debug|Any CPU
		{3F3C8DA9-7649-5B0C-8836-E0E17B19AC2C}.Release|Any CPU.ActiveCfg = Release|Any CPU
		{3F3C8DA9-7649-5B0C-8836-E0E17B19AC2C}.Release|Any CPU.Build.0 = Release|Any CPU
		{A64F2A75-1025-4368-CA57-B66F647693E7}.Debug|Any CPU.ActiveCfg = Debug|Any CPU
		{A64F2A75-1025-4368-CA57-B66F647693E7}.Debug|Any CPU.Build.0 = Debug|Any CPU
		{A64F2A75-1025-4368-CA57-B66F647693E7}.Release|Any CPU.ActiveCfg = Release|Any CPU
		{A64F2A75-1025-4368-CA57-B66F647693E7}.Release|Any CPU.Build.0 = Release|Any CPU
		{2EA6FD08-390D-B167-0F06-F4255CEEACB3}.Debug|Any CPU.ActiveCfg = Debug|Any CPU
		{2EA6FD08-390D-B167-0F06-F4255CEEACB3}.Debug|Any CPU.Build.0 = Debug|Any CPU
		{2EA6FD08-390D-B167-0F06-F4255CEEACB3}.Release|Any CPU.ActiveCfg = Release|Any CPU
		{2EA6FD08-390D-B167-0F06-F4255CEEACB3}.Release|Any CPU.Build.0 = Release|Any CPU
		{AEF27A83-00E3-510B-D6E3-ECC905840005}.Debug|Any CPU.ActiveCfg = Debug|Any CPU
		{AEF27A83-00E3-510B-D6E3-ECC905840005}.Debug|Any CPU.Build.0 = Debug|Any CPU
		{AEF27A83-00E3-510B-D6E3-ECC905840005}.Release|Any CPU.ActiveCfg = Release|Any CPU
		{AEF27A83-00E3-510B-D6E3-ECC905840005}.Release|Any CPU.Build.0 = Release|Any CPU
		{6B58F09A-8E9E-B584-0CE0-4CF72510D0AF}.Debug|Any CPU.ActiveCfg = Debug|Any CPU
		{6B58F09A-8E9E-B584-0CE0-4CF72510D0AF}.Debug|Any CPU.Build.0 = Debug|Any CPU
		{6B58F09A-8E9E-B584-0CE0-4CF72510D0AF}.Release|Any CPU.ActiveCfg = Release|Any CPU
		{6B58F09A-8E9E-B584-0CE0-4CF72510D0AF}.Release|Any CPU.Build.0 = Release|Any CPU
		{EE1BEF8F-A8C7-9066-E25C-389E64D20EAC}.Debug|Any CPU.ActiveCfg = Debug|Any CPU
		{EE1BEF8F-A8C7-9066-E25C-389E64D20EAC}.Debug|Any CPU.Build.0 = Debug|Any CPU
		{EE1BEF8F-A8C7-9066-E25C-389E64D20EAC}.Release|Any CPU.ActiveCfg = Release|Any CPU
		{EE1BEF8F-A8C7-9066-E25C-389E64D20EAC}.Release|Any CPU.Build.0 = Release|Any CPU
		{90EA08F7-6D24-22C2-FEC1-F1E72E0EC017}.Debug|Any CPU.ActiveCfg = Debug|Any CPU
		{90EA08F7-6D24-22C2-FEC1-F1E72E0EC017}.Debug|Any CPU.Build.0 = Debug|Any CPU
		{90EA08F7-6D24-22C2-FEC1-F1E72E0EC017}.Release|Any CPU.ActiveCfg = Release|Any CPU
		{90EA08F7-6D24-22C2-FEC1-F1E72E0EC017}.Release|Any CPU.Build.0 = Release|Any CPU
		{DA98A509-E049-C0DB-F38C-8847B273E888}.Debug|Any CPU.ActiveCfg = Debug|Any CPU
		{DA98A509-E049-C0DB-F38C-8847B273E888}.Debug|Any CPU.Build.0 = Debug|Any CPU
		{DA98A509-E049-C0DB-F38C-8847B273E888}.Release|Any CPU.ActiveCfg = Release|Any CPU
		{DA98A509-E049-C0DB-F38C-8847B273E888}.Release|Any CPU.Build.0 = Release|Any CPU
		{7341956F-3BAC-1FC9-F1A6-712CBD4A2D2C}.Debug|Any CPU.ActiveCfg = Debug|Any CPU
		{7341956F-3BAC-1FC9-F1A6-712CBD4A2D2C}.Debug|Any CPU.Build.0 = Debug|Any CPU
		{7341956F-3BAC-1FC9-F1A6-712CBD4A2D2C}.Release|Any CPU.ActiveCfg = Release|Any CPU
		{7341956F-3BAC-1FC9-F1A6-712CBD4A2D2C}.Release|Any CPU.Build.0 = Release|Any CPU
		{833EFFAE-8EBA-F207-D4E8-E8517B912E36}.Debug|Any CPU.ActiveCfg = Debug|Any CPU
		{833EFFAE-8EBA-F207-D4E8-E8517B912E36}.Debug|Any CPU.Build.0 = Debug|Any CPU
		{833EFFAE-8EBA-F207-D4E8-E8517B912E36}.Release|Any CPU.ActiveCfg = Release|Any CPU
		{833EFFAE-8EBA-F207-D4E8-E8517B912E36}.Release|Any CPU.Build.0 = Release|Any CPU
		{2F2A7B7F-4C43-D258-D835-9D3ABC795A5C}.Debug|Any CPU.ActiveCfg = Debug|Any CPU
		{2F2A7B7F-4C43-D258-D835-9D3ABC795A5C}.Debug|Any CPU.Build.0 = Debug|Any CPU
		{2F2A7B7F-4C43-D258-D835-9D3ABC795A5C}.Release|Any CPU.ActiveCfg = Release|Any CPU
		{2F2A7B7F-4C43-D258-D835-9D3ABC795A5C}.Release|Any CPU.Build.0 = Release|Any CPU
		{72660BA6-B2B3-56B5-AB7B-9E6B4CF83FC6}.Debug|Any CPU.ActiveCfg = Debug|Any CPU
		{72660BA6-B2B3-56B5-AB7B-9E6B4CF83FC6}.Debug|Any CPU.Build.0 = Debug|Any CPU
		{72660BA6-B2B3-56B5-AB7B-9E6B4CF83FC6}.Release|Any CPU.ActiveCfg = Release|Any CPU
		{72660BA6-B2B3-56B5-AB7B-9E6B4CF83FC6}.Release|Any CPU.Build.0 = Release|Any CPU
		{116738C4-0234-C020-A283-EA09AFF3A275}.Debug|Any CPU.ActiveCfg = Debug|Any CPU
		{116738C4-0234-C020-A283-EA09AFF3A275}.Debug|Any CPU.Build.0 = Debug|Any CPU
		{116738C4-0234-C020-A283-EA09AFF3A275}.Release|Any CPU.ActiveCfg = Release|Any CPU
		{116738C4-0234-C020-A283-EA09AFF3A275}.Release|Any CPU.Build.0 = Release|Any CPU
		{35A00AE2-2EB3-3BBA-FB2B-C44413287232}.Debug|Any CPU.ActiveCfg = Debug|Any CPU
		{35A00AE2-2EB3-3BBA-FB2B-C44413287232}.Debug|Any CPU.Build.0 = Debug|Any CPU
		{35A00AE2-2EB3-3BBA-FB2B-C44413287232}.Release|Any CPU.ActiveCfg = Release|Any CPU
		{35A00AE2-2EB3-3BBA-FB2B-C44413287232}.Release|Any CPU.Build.0 = Release|Any CPU
		{20DC03CC-681C-9996-72A5-E5ED613CDCC9}.Debug|Any CPU.ActiveCfg = Debug|Any CPU
		{20DC03CC-681C-9996-72A5-E5ED613CDCC9}.Debug|Any CPU.Build.0 = Debug|Any CPU
		{20DC03CC-681C-9996-72A5-E5ED613CDCC9}.Release|Any CPU.ActiveCfg = Release|Any CPU
		{20DC03CC-681C-9996-72A5-E5ED613CDCC9}.Release|Any CPU.Build.0 = Release|Any CPU
		{BC64DD88-A6B4-76EB-AAFB-33B0C8E46A09}.Debug|Any CPU.ActiveCfg = Debug|Any CPU
		{BC64DD88-A6B4-76EB-AAFB-33B0C8E46A09}.Debug|Any CPU.Build.0 = Debug|Any CPU
		{BC64DD88-A6B4-76EB-AAFB-33B0C8E46A09}.Release|Any CPU.ActiveCfg = Release|Any CPU
		{BC64DD88-A6B4-76EB-AAFB-33B0C8E46A09}.Release|Any CPU.Build.0 = Release|Any CPU
		{0D970C31-AC6D-995C-6136-12A26A6C3AD5}.Debug|Any CPU.ActiveCfg = Debug|Any CPU
		{0D970C31-AC6D-995C-6136-12A26A6C3AD5}.Debug|Any CPU.Build.0 = Debug|Any CPU
		{0D970C31-AC6D-995C-6136-12A26A6C3AD5}.Release|Any CPU.ActiveCfg = Release|Any CPU
		{0D970C31-AC6D-995C-6136-12A26A6C3AD5}.Release|Any CPU.Build.0 = Release|Any CPU
		{BA771BC8-0CD8-0E36-3C2C-A1D5FA4E5014}.Debug|Any CPU.ActiveCfg = Debug|Any CPU
		{BA771BC8-0CD8-0E36-3C2C-A1D5FA4E5014}.Debug|Any CPU.Build.0 = Debug|Any CPU
		{BA771BC8-0CD8-0E36-3C2C-A1D5FA4E5014}.Release|Any CPU.ActiveCfg = Release|Any CPU
		{BA771BC8-0CD8-0E36-3C2C-A1D5FA4E5014}.Release|Any CPU.Build.0 = Release|Any CPU
		{2B5BE8ED-AF62-EB25-4D5F-2A79432DCE13}.Debug|Any CPU.ActiveCfg = Debug|Any CPU
		{2B5BE8ED-AF62-EB25-4D5F-2A79432DCE13}.Debug|Any CPU.Build.0 = Debug|Any CPU
		{2B5BE8ED-AF62-EB25-4D5F-2A79432DCE13}.Release|Any CPU.ActiveCfg = Release|Any CPU
		{2B5BE8ED-AF62-EB25-4D5F-2A79432DCE13}.Release|Any CPU.Build.0 = Release|Any CPU
		{C2B0C39E-99AB-0E2F-E6C7-EAC4937A2B40}.Debug|Any CPU.ActiveCfg = Debug|Any CPU
		{C2B0C39E-99AB-0E2F-E6C7-EAC4937A2B40}.Debug|Any CPU.Build.0 = Debug|Any CPU
		{C2B0C39E-99AB-0E2F-E6C7-EAC4937A2B40}.Release|Any CPU.ActiveCfg = Release|Any CPU
		{C2B0C39E-99AB-0E2F-E6C7-EAC4937A2B40}.Release|Any CPU.Build.0 = Release|Any CPU
		{4966B9A3-705D-8A1E-7DE6-595FDC1E7965}.Debug|Any CPU.ActiveCfg = Debug|Any CPU
		{4966B9A3-705D-8A1E-7DE6-595FDC1E7965}.Debug|Any CPU.Build.0 = Debug|Any CPU
		{4966B9A3-705D-8A1E-7DE6-595FDC1E7965}.Release|Any CPU.ActiveCfg = Release|Any CPU
		{4966B9A3-705D-8A1E-7DE6-595FDC1E7965}.Release|Any CPU.Build.0 = Release|Any CPU
		{91B8F3A0-D56C-DD2B-F5F8-46B4A11D3C8B}.Debug|Any CPU.ActiveCfg = Debug|Any CPU
		{91B8F3A0-D56C-DD2B-F5F8-46B4A11D3C8B}.Debug|Any CPU.Build.0 = Debug|Any CPU
		{91B8F3A0-D56C-DD2B-F5F8-46B4A11D3C8B}.Release|Any CPU.ActiveCfg = Release|Any CPU
		{91B8F3A0-D56C-DD2B-F5F8-46B4A11D3C8B}.Release|Any CPU.Build.0 = Release|Any CPU
		{315FB6B1-6E33-4F0B-4478-D349747EF03F}.Debug|Any CPU.ActiveCfg = Debug|Any CPU
		{315FB6B1-6E33-4F0B-4478-D349747EF03F}.Debug|Any CPU.Build.0 = Debug|Any CPU
		{315FB6B1-6E33-4F0B-4478-D349747EF03F}.Release|Any CPU.ActiveCfg = Release|Any CPU
		{315FB6B1-6E33-4F0B-4478-D349747EF03F}.Release|Any CPU.Build.0 = Release|Any CPU
		{8243BE6E-A7BB-0532-FB45-FB7F60781AEF}.Debug|Any CPU.ActiveCfg = Debug|Any CPU
		{8243BE6E-A7BB-0532-FB45-FB7F60781AEF}.Debug|Any CPU.Build.0 = Debug|Any CPU
		{8243BE6E-A7BB-0532-FB45-FB7F60781AEF}.Release|Any CPU.ActiveCfg = Release|Any CPU
		{8243BE6E-A7BB-0532-FB45-FB7F60781AEF}.Release|Any CPU.Build.0 = Release|Any CPU
		{E17920DD-660A-D885-DE88-71354F57A9EB}.Debug|Any CPU.ActiveCfg = Debug|Any CPU
		{E17920DD-660A-D885-DE88-71354F57A9EB}.Debug|Any CPU.Build.0 = Debug|Any CPU
		{E17920DD-660A-D885-DE88-71354F57A9EB}.Release|Any CPU.ActiveCfg = Release|Any CPU
		{E17920DD-660A-D885-DE88-71354F57A9EB}.Release|Any CPU.Build.0 = Release|Any CPU
		{83FA17BD-520B-F653-BD7F-783863BAB22E}.Debug|Any CPU.ActiveCfg = Debug|Any CPU
		{83FA17BD-520B-F653-BD7F-783863BAB22E}.Debug|Any CPU.Build.0 = Debug|Any CPU
		{83FA17BD-520B-F653-BD7F-783863BAB22E}.Release|Any CPU.ActiveCfg = Release|Any CPU
		{83FA17BD-520B-F653-BD7F-783863BAB22E}.Release|Any CPU.Build.0 = Release|Any CPU
		{6CE73FF9-553F-6693-E212-FED498F61328}.Debug|Any CPU.ActiveCfg = Debug|Any CPU
		{6CE73FF9-553F-6693-E212-FED498F61328}.Debug|Any CPU.Build.0 = Debug|Any CPU
		{6CE73FF9-553F-6693-E212-FED498F61328}.Release|Any CPU.ActiveCfg = Release|Any CPU
		{6CE73FF9-553F-6693-E212-FED498F61328}.Release|Any CPU.Build.0 = Release|Any CPU
		{0CD6810D-AFE2-37D1-1349-7F8E9EEF6080}.Debug|Any CPU.ActiveCfg = Debug|Any CPU
		{0CD6810D-AFE2-37D1-1349-7F8E9EEF6080}.Debug|Any CPU.Build.0 = Debug|Any CPU
		{0CD6810D-AFE2-37D1-1349-7F8E9EEF6080}.Release|Any CPU.ActiveCfg = Release|Any CPU
		{0CD6810D-AFE2-37D1-1349-7F8E9EEF6080}.Release|Any CPU.Build.0 = Release|Any CPU
		{C6230774-A0B5-145F-6D41-BA3D39AD0E46}.Debug|Any CPU.ActiveCfg = Debug|Any CPU
		{C6230774-A0B5-145F-6D41-BA3D39AD0E46}.Debug|Any CPU.Build.0 = Debug|Any CPU
		{C6230774-A0B5-145F-6D41-BA3D39AD0E46}.Release|Any CPU.ActiveCfg = Release|Any CPU
		{C6230774-A0B5-145F-6D41-BA3D39AD0E46}.Release|Any CPU.Build.0 = Release|Any CPU
		{E6087CD8-0358-24F2-E06F-EC93B92E93FF}.Debug|Any CPU.ActiveCfg = Debug|Any CPU
		{E6087CD8-0358-24F2-E06F-EC93B92E93FF}.Debug|Any CPU.Build.0 = Debug|Any CPU
		{E6087CD8-0358-24F2-E06F-EC93B92E93FF}.Release|Any CPU.ActiveCfg = Release|Any CPU
		{E6087CD8-0358-24F2-E06F-EC93B92E93FF}.Release|Any CPU.Build.0 = Release|Any CPU
		{84C8DAA2-D496-0D67-EABE-E7E2A1DC2EA8}.Debug|Any CPU.ActiveCfg = Debug|Any CPU
		{84C8DAA2-D496-0D67-EABE-E7E2A1DC2EA8}.Debug|Any CPU.Build.0 = Debug|Any CPU
		{84C8DAA2-D496-0D67-EABE-E7E2A1DC2EA8}.Release|Any CPU.ActiveCfg = Release|Any CPU
		{84C8DAA2-D496-0D67-EABE-E7E2A1DC2EA8}.Release|Any CPU.Build.0 = Release|Any CPU
		{E14BF50B-33C6-684B-75D8-C3C144A94396}.Debug|Any CPU.ActiveCfg = Debug|Any CPU
		{E14BF50B-33C6-684B-75D8-C3C144A94396}.Debug|Any CPU.Build.0 = Debug|Any CPU
		{E14BF50B-33C6-684B-75D8-C3C144A94396}.Release|Any CPU.ActiveCfg = Release|Any CPU
		{E14BF50B-33C6-684B-75D8-C3C144A94396}.Release|Any CPU.Build.0 = Release|Any CPU
	EndGlobalSection
	GlobalSection(SolutionProperties) = preSolution
		HideSolutionNode = FALSE
	EndGlobalSection
EndGlobal
