
Microsoft Visual Studio Solution File, Format Version 11.00
# Visual Studio 2010
Project("{FAE04EC0-301F-11D3-BF4B-00C04F79EFBC}") = "Assembly-CSharp", "Assembly-CSharp.csproj", "{3ef94ed6-be11-90b3-19c6-4d142702c13c}"
EndProject
Project("{FAE04EC0-301F-11D3-BF4B-00C04F79EFBC}") = "FirebaseMessagingActivityGenerator", "FirebaseMessagingActivityGenerator.csproj", "{a1eb4538-cb29-4fdf-7f60-3a000deb13fc}"
EndProject
Project("{FAE04EC0-301F-11D3-BF4B-00C04F79EFBC}") = "Assembly-CSharp-firstpass", "Assembly-CSharp-firstpass.csproj", "{90f77789-4aa3-cdca-e99e-2285cf2436ef}"
EndProject
Project("{FAE04EC0-301F-11D3-BF4B-00C04F79EFBC}") = "Assembly-CSharp-Editor", "Assembly-CSharp-Editor.csproj", "{bdec0588-4206-8742-014e-8d2dc8c69429}"
EndProject
Global
	GlobalSection(SolutionConfigurationPlatforms) = preSolution
		Debug|Any CPU = Debug|Any CPU
	EndGlobalSection
	GlobalSection(ProjectConfigurationPlatforms) = postSolution
		{3ef94ed6-be11-90b3-19c6-4d142702c13c}.Debug|Any CPU.ActiveCfg = Debug|Any CPU
		{3ef94ed6-be11-90b3-19c6-4d142702c13c}.Debug|Any CPU.Build.0 = Debug|Any CPU
		{a1eb4538-cb29-4fdf-7f60-3a000deb13fc}.Debug|Any CPU.ActiveCfg = Debug|Any CPU
		{a1eb4538-cb29-4fdf-7f60-3a000deb13fc}.Debug|Any CPU.Build.0 = Debug|Any CPU
		{90f77789-4aa3-cdca-e99e-2285cf2436ef}.Debug|Any CPU.ActiveCfg = Debug|Any CPU
		{90f77789-4aa3-cdca-e99e-2285cf2436ef}.Debug|Any CPU.Build.0 = Debug|Any CPU
		{bdec0588-4206-8742-014e-8d2dc8c69429}.Debug|Any CPU.ActiveCfg = Debug|Any CPU
		{bdec0588-4206-8742-014e-8d2dc8c69429}.Debug|Any CPU.Build.0 = Debug|Any CPU
	EndGlobalSection
	GlobalSection(SolutionProperties) = preSolution
		HideSolutionNode = FALSE
	EndGlobalSection
EndGlobal
